<?xml version="1.0" encoding="UTF-8"?>
<Scheme
   version = "1.3">
   <BuildAction>
      <BuildActionEntries>
         <BuildActionEntry
            buildForRunning = "YES">
            <BuildableReference
               BuildableIdentifier = "primary"
               BlueprintIdentifier = "417562273CB697DBF2EFECD3"
               BuildableName = "testAnimationMaskEmmiters.app"
               BlueprintName = "testAnimationMaskEmmiters"
               ReferencedContainer = "container:testAnimationMaskEmmiters.xcodeproj">
            </BuildableReference>
         </BuildActionEntry>
      </BuildActionEntries>
   </BuildAction>
   <LaunchAction
      useCustomWorkingDirectory = "NO"
      buildConfiguration = "Debug"
      allowLocationSimulation = "YES">
      <BuildableProductRunnable>
         <BuildableReference
            BuildableIdentifier = "primary"
            BlueprintIdentifier = "417562273CB697DBF2EFECD3"
            BuildableName = "testAnimationMaskEmmiters.app"
            BlueprintName = "testAnimationMaskEmmiters"
            ReferencedContainer = "container:testAnimationMaskEmmiters.xcodeproj">
         </BuildableReference>
      </BuildableProductRunnable>
   </LaunchAction>
</Scheme>
