// !$*UTF8*$!
{
	archiveVersion = 1;
	classes = {
	};
	objectVersion = 50;
	objects = {

/* Begin PBXBuildFile section */
		49105E542147B045001482B0 /* girl4.jpg in Resources */ = {isa = PBXBuildFile; fileRef = 49105E522147B044001482B0 /* girl4.jpg */; };
		49105E552147B045001482B0 /* girl5.jpg in Resources */ = {isa = PBXBuildFile; fileRef = 49105E532147B045001482B0 /* girl5.jpg */; };
		49105E572147B753001482B0 /* ProfilePortraitPhotoItemCell.swift in Sources */ = {isa = PBXBuildFile; fileRef = 49105E562147B753001482B0 /* ProfilePortraitPhotoItemCell.swift */; };
		49374844214660240014A7BC /* ProfilePhotoCell.xib in Resources */ = {isa = PBXBuildFile; fileRef = 49374843214660240014A7BC /* ProfilePhotoCell.xib */; };
		493748B421468E850014A7BC /* Intro.storyboard in Resources */ = {isa = PBXBuildFile; fileRef = 493748B321468E850014A7BC /* Intro.storyboard */; };
		493748B621468E990014A7BC /* IntroViewController.swift in Sources */ = {isa = PBXBuildFile; fileRef = 493748B521468E990014A7BC /* IntroViewController.swift */; };
		493748B8214690E00014A7BC /* IntroScrollView.swift in Sources */ = {isa = PBXBuildFile; fileRef = 493748B7214690E00014A7BC /* IntroScrollView.swift */; };
		493748BC2146917A0014A7BC /* IntroPage0Cell.swift in Sources */ = {isa = PBXBuildFile; fileRef = 493748BA2146917A0014A7BC /* IntroPage0Cell.swift */; };
		493748BD2146917A0014A7BC /* IntroPage0Cell.xib in Resources */ = {isa = PBXBuildFile; fileRef = 493748BB2146917A0014A7BC /* IntroPage0Cell.xib */; };
		493748C02146918E0014A7BC /* IntroPageXCell.swift in Sources */ = {isa = PBXBuildFile; fileRef = 493748BE2146918E0014A7BC /* IntroPageXCell.swift */; };
		493748C12146918E0014A7BC /* IntroPageXCell.xib in Resources */ = {isa = PBXBuildFile; fileRef = 493748BF2146918E0014A7BC /* IntroPageXCell.xib */; };
		4949852E214A6101005C3ABB /* ZoomTestController.swift in Sources */ = {isa = PBXBuildFile; fileRef = 4949852D214A6101005C3ABB /* ZoomTestController.swift */; };
		4949853C214A6EC0005C3ABB /* ImageZoomView.swift in Sources */ = {isa = PBXBuildFile; fileRef = 4949853B214A6EC0005C3ABB /* ImageZoomView.swift */; };
		495AB7BC213E91D00022D04E /* AppDelegate.swift in Sources */ = {isa = PBXBuildFile; fileRef = 495AB7BB213E91D00022D04E /* AppDelegate.swift */; };
		495AB7BE213E91D00022D04E /* ViewController.swift in Sources */ = {isa = PBXBuildFile; fileRef = 495AB7BD213E91D00022D04E /* ViewController.swift */; };
		495AB7C1213E91D00022D04E /* Main.storyboard in Resources */ = {isa = PBXBuildFile; fileRef = 495AB7BF213E91D00022D04E /* Main.storyboard */; };
		495AB7C3213E91D10022D04E /* Assets.xcassets in Resources */ = {isa = PBXBuildFile; fileRef = 495AB7C2213E91D10022D04E /* Assets.xcassets */; };
		495AB7C6213E91D10022D04E /* LaunchScreen.storyboard in Resources */ = {isa = PBXBuildFile; fileRef = 495AB7C4213E91D10022D04E /* LaunchScreen.storyboard */; };
		495AB7D1213E93410022D04E /* Profile.storyboard in Resources */ = {isa = PBXBuildFile; fileRef = 495AB7D0213E93410022D04E /* Profile.storyboard */; };
		495AB7E0213E94D10022D04E /* ProfileBaseController.swift in Sources */ = {isa = PBXBuildFile; fileRef = 495AB7DF213E94D10022D04E /* ProfileBaseController.swift */; };
		495AB7E2213E96520022D04E /* ProfileDatasource.swift in Sources */ = {isa = PBXBuildFile; fileRef = 495AB7E1213E96520022D04E /* ProfileDatasource.swift */; };
		495AB7EB213EAC800022D04E /* ProfileButtonsItemCell.swift in Sources */ = {isa = PBXBuildFile; fileRef = 495AB7EA213EAC800022D04E /* ProfileButtonsItemCell.swift */; };
		495AB7ED213EAF520022D04E /* ProfileAboutInfoItemCell.swift in Sources */ = {isa = PBXBuildFile; fileRef = 495AB7EC213EAF520022D04E /* ProfileAboutInfoItemCell.swift */; };
		495AB7EF213EB0950022D04E /* ProfileAboutSubtitleItemCell.swift in Sources */ = {isa = PBXBuildFile; fileRef = 495AB7EE213EB0950022D04E /* ProfileAboutSubtitleItemCell.swift */; };
		495AB7F1213EB1380022D04E /* ProfileAboutDescriptionItemCell.swift in Sources */ = {isa = PBXBuildFile; fileRef = 495AB7F0213EB1380022D04E /* ProfileAboutDescriptionItemCell.swift */; };
		495AB7F3213EB20A0022D04E /* ProfileAboutItemCell.swift in Sources */ = {isa = PBXBuildFile; fileRef = 495AB7F2213EB20A0022D04E /* ProfileAboutItemCell.swift */; };
		495AB7F6213EB8D80022D04E /* ProfileOnlineIndicatorView.swift in Sources */ = {isa = PBXBuildFile; fileRef = 495AB7F5213EB8D80022D04E /* ProfileOnlineIndicatorView.swift */; };
		495AB7F8213EBA5C0022D04E /* UIColor+RGB.swift in Sources */ = {isa = PBXBuildFile; fileRef = 495AB7F7213EBA5C0022D04E /* UIColor+RGB.swift */; };
		495AB7FA213EC1BB0022D04E /* UserInfo.swift in Sources */ = {isa = PBXBuildFile; fileRef = 495AB7F9213EC1BB0022D04E /* UserInfo.swift */; };
		495AB7FC213FA3B40022D04E /* ProfileOwnPhotoItemCell.swift in Sources */ = {isa = PBXBuildFile; fileRef = 495AB7FB213FA3B40022D04E /* ProfileOwnPhotoItemCell.swift */; };
		495AB7FE213FA9BE0022D04E /* CircleShadowedProportionalButton.swift in Sources */ = {isa = PBXBuildFile; fileRef = 495AB7FD213FA9BE0022D04E /* CircleShadowedProportionalButton.swift */; };
		4971EFA12155299000D58EFF /* CollectionControls.framework in Frameworks */ = {isa = PBXBuildFile; fileRef = 4971EF972155297600D58EFF /* CollectionControls.framework */; };
		4971EFA22155299000D58EFF /* CollectionControls.framework in Embed Frameworks */ = {isa = PBXBuildFile; fileRef = 4971EF972155297600D58EFF /* CollectionControls.framework */; settings = {ATTRIBUTES = (CodeSignOnCopy, RemoveHeadersOnCopy, ); }; };
		4971EFA52155299800D58EFF /* PageControls.framework in Frameworks */ = {isa = PBXBuildFile; fileRef = 4971EF9E2155297C00D58EFF /* PageControls.framework */; };
		4971EFA62155299800D58EFF /* PageControls.framework in Embed Frameworks */ = {isa = PBXBuildFile; fileRef = 4971EF9E2155297C00D58EFF /* PageControls.framework */; settings = {ATTRIBUTES = (CodeSignOnCopy, RemoveHeadersOnCopy, ); }; };
		49804B0C2142BCEC00D5DC3C /* SmallPhotosScroller.swift in Sources */ = {isa = PBXBuildFile; fileRef = 49804B0B2142BCEC00D5DC3C /* SmallPhotosScroller.swift */; };
		49804B0F2142BE0D00D5DC3C /* SmallPhotoScrollerCell.swift in Sources */ = {isa = PBXBuildFile; fileRef = 49804B0D2142BE0D00D5DC3C /* SmallPhotoScrollerCell.swift */; };
		49804B102142BE0D00D5DC3C /* SmallPhotoScrollerCell.xib in Resources */ = {isa = PBXBuildFile; fileRef = 49804B0E2142BE0D00D5DC3C /* SmallPhotoScrollerCell.xib */; };
		49823B56213FEF5E001394E6 /* ProfileItemCell.swift in Sources */ = {isa = PBXBuildFile; fileRef = 49823B55213FEF5E001394E6 /* ProfileItemCell.swift */; };
		49823B5821400C73001394E6 /* ProfileButtonsPanel.swift in Sources */ = {isa = PBXBuildFile; fileRef = 49823B5721400C73001394E6 /* ProfileButtonsPanel.swift */; };
		49823B5D2141028F001394E6 /* IPageControl.swift in Sources */ = {isa = PBXBuildFile; fileRef = 49823B5C2141028F001394E6 /* IPageControl.swift */; };
		49F62813214BCD7400CF788C /* ProfilePhotoScrollerDatasource.swift in Sources */ = {isa = PBXBuildFile; fileRef = 49F62812214BCD7400CF788C /* ProfilePhotoScrollerDatasource.swift */; };
		49F62816214BCE0600CF788C /* ProfilePhotoScrollerLayout.swift in Sources */ = {isa = PBXBuildFile; fileRef = 49F62815214BCE0600CF788C /* ProfilePhotoScrollerLayout.swift */; };
		49F62818214BCE7500CF788C /* ProfilePhotoScrollerLayoutAttributes.swift in Sources */ = {isa = PBXBuildFile; fileRef = 49F62817214BCE7500CF788C /* ProfilePhotoScrollerLayoutAttributes.swift */; };
		49FD64A52142434C007011F4 /* Magnolia Script.otf in Resources */ = {isa = PBXBuildFile; fileRef = 49FD64A42142434C007011F4 /* Magnolia Script.otf */; };
		49FD64CA21429B96007011F4 /* ProfilePhotoCell.swift in Sources */ = {isa = PBXBuildFile; fileRef = 49FD64C821429B96007011F4 /* ProfilePhotoCell.swift */; };
		49FD64CF21429DC8007011F4 /* girl1.jpg in Resources */ = {isa = PBXBuildFile; fileRef = 49FD64CC21429DC7007011F4 /* girl1.jpg */; };
		49FD64D021429DC8007011F4 /* girl2.jpg in Resources */ = {isa = PBXBuildFile; fileRef = 49FD64CD21429DC7007011F4 /* girl2.jpg */; };
		49FD64D121429DC8007011F4 /* girl3.jpg in Resources */ = {isa = PBXBuildFile; fileRef = 49FD64CE21429DC8007011F4 /* girl3.jpg */; };
		49FD64D32142A5A9007011F4 /* ProfilePhotoScrollerView.swift in Sources */ = {isa = PBXBuildFile; fileRef = 49FD64D22142A5A9007011F4 /* ProfilePhotoScrollerView.swift */; };
/* End PBXBuildFile section */

/* Begin PBXContainerItemProxy section */
		4971EF8A2155296400D58EFF /* PBXContainerItemProxy */ = {
			isa = PBXContainerItemProxy;
			containerPortal = 4971EF862155296400D58EFF /* MD5.xcodeproj */;
			proxyType = 2;
			remoteGlobalIDString = B3AB8D142113309D00B36816;
			remoteInfo = MD5;
		};
		4971EF902155296F00D58EFF /* PBXContainerItemProxy */ = {
			isa = PBXContainerItemProxy;
			containerPortal = 4971EF8C2155296F00D58EFF /* TNURLImageView.xcodeproj */;
			proxyType = 2;
			remoteGlobalIDString = B3D232E620AF2D9E00B66774;
			remoteInfo = TNURLImageView;
		};
		4971EF962155297600D58EFF /* PBXContainerItemProxy */ = {
			isa = PBXContainerItemProxy;
			containerPortal = 4971EF922155297600D58EFF /* CollectionControls.xcodeproj */;
			proxyType = 2;
			remoteGlobalIDString = 15D759CB214662DF0046F936;
			remoteInfo = CollectionControls;
		};
		4971EF9D2155297C00D58EFF /* PBXContainerItemProxy */ = {
			isa = PBXContainerItemProxy;
			containerPortal = 4971EF982155297C00D58EFF /* PageControls.xcodeproj */;
			proxyType = 2;
			remoteGlobalIDString = 4937487C21467D4D0014A7BC;
			remoteInfo = PageControls;
		};
		4971EF9F2155297C00D58EFF /* PBXContainerItemProxy */ = {
			isa = PBXContainerItemProxy;
			containerPortal = 4971EF982155297C00D58EFF /* PageControls.xcodeproj */;
			proxyType = 2;
			remoteGlobalIDString = 49105E2E21469E36001482B0;
			remoteInfo = pageControlTesting;
		};
		4971EFA32155299000D58EFF /* PBXContainerItemProxy */ = {
			isa = PBXContainerItemProxy;
			containerPortal = 4971EF922155297600D58EFF /* CollectionControls.xcodeproj */;
			proxyType = 1;
			remoteGlobalIDString = 15D759CA214662DF0046F936;
			remoteInfo = CollectionControls;
		};
		4971EFA72155299800D58EFF /* PBXContainerItemProxy */ = {
			isa = PBXContainerItemProxy;
			containerPortal = 4971EF982155297C00D58EFF /* PageControls.xcodeproj */;
			proxyType = 1;
			remoteGlobalIDString = 4937487B21467D4D0014A7BC;
			remoteInfo = PageControls;
		};
/* End PBXContainerItemProxy section */

/* Begin PBXCopyFilesBuildPhase section */
		49FD64AF21428962007011F4 /* Embed Frameworks */ = {
			isa = PBXCopyFilesBuildPhase;
			buildActionMask = 2147483647;
			dstPath = "";
			dstSubfolderSpec = 10;
			files = (
				4971EFA22155299000D58EFF /* CollectionControls.framework in Embed Frameworks */,
				4971EFA62155299800D58EFF /* PageControls.framework in Embed Frameworks */,
			);
			name = "Embed Frameworks";
			runOnlyForDeploymentPostprocessing = 0;
		};
/* End PBXCopyFilesBuildPhase section */

/* Begin PBXFileReference section */
		49105E522147B044001482B0 /* girl4.jpg */ = {isa = PBXFileReference; lastKnownFileType = image.jpeg; path = girl4.jpg; sourceTree = "<group>"; };
		49105E532147B045001482B0 /* girl5.jpg */ = {isa = PBXFileReference; lastKnownFileType = image.jpeg; path = girl5.jpg; sourceTree = "<group>"; };
		49105E562147B753001482B0 /* ProfilePortraitPhotoItemCell.swift */ = {isa = PBXFileReference; lastKnownFileType = sourcecode.swift; path = ProfilePortraitPhotoItemCell.swift; sourceTree = "<group>"; };
		49374843214660240014A7BC /* ProfilePhotoCell.xib */ = {isa = PBXFileReference; fileEncoding = 4; lastKnownFileType = file.xib; path = ProfilePhotoCell.xib; sourceTree = "<group>"; };
		493748B321468E850014A7BC /* Intro.storyboard */ = {isa = PBXFileReference; lastKnownFileType = file.storyboard; path = Intro.storyboard; sourceTree = "<group>"; };
		493748B521468E990014A7BC /* IntroViewController.swift */ = {isa = PBXFileReference; lastKnownFileType = sourcecode.swift; path = IntroViewController.swift; sourceTree = "<group>"; };
		493748B7214690E00014A7BC /* IntroScrollView.swift */ = {isa = PBXFileReference; lastKnownFileType = sourcecode.swift; path = IntroScrollView.swift; sourceTree = "<group>"; };
		493748BA2146917A0014A7BC /* IntroPage0Cell.swift */ = {isa = PBXFileReference; lastKnownFileType = sourcecode.swift; path = IntroPage0Cell.swift; sourceTree = "<group>"; };
		493748BB2146917A0014A7BC /* IntroPage0Cell.xib */ = {isa = PBXFileReference; lastKnownFileType = file.xib; path = IntroPage0Cell.xib; sourceTree = "<group>"; };
		493748BE2146918E0014A7BC /* IntroPageXCell.swift */ = {isa = PBXFileReference; lastKnownFileType = sourcecode.swift; path = IntroPageXCell.swift; sourceTree = "<group>"; };
		493748BF2146918E0014A7BC /* IntroPageXCell.xib */ = {isa = PBXFileReference; lastKnownFileType = file.xib; path = IntroPageXCell.xib; sourceTree = "<group>"; };
		4949852D214A6101005C3ABB /* ZoomTestController.swift */ = {isa = PBXFileReference; lastKnownFileType = sourcecode.swift; path = ZoomTestController.swift; sourceTree = "<group>"; };
		4949853B214A6EC0005C3ABB /* ImageZoomView.swift */ = {isa = PBXFileReference; fileEncoding = 4; lastKnownFileType = sourcecode.swift; name = ImageZoomView.swift; path = ../../../../testZoom/testZoom/classes/ImageZoomView.swift; sourceTree = "<group>"; };
		495AB7B8213E91D00022D04E /* profilePrototyping.app */ = {isa = PBXFileReference; explicitFileType = wrapper.application; includeInIndex = 0; path = profilePrototyping.app; sourceTree = BUILT_PRODUCTS_DIR; };
		495AB7BB213E91D00022D04E /* AppDelegate.swift */ = {isa = PBXFileReference; lastKnownFileType = sourcecode.swift; path = AppDelegate.swift; sourceTree = "<group>"; };
		495AB7BD213E91D00022D04E /* ViewController.swift */ = {isa = PBXFileReference; lastKnownFileType = sourcecode.swift; path = ViewController.swift; sourceTree = "<group>"; };
		495AB7C0213E91D00022D04E /* Base */ = {isa = PBXFileReference; lastKnownFileType = file.storyboard; name = Base; path = Base.lproj/Main.storyboard; sourceTree = "<group>"; };
		495AB7C2213E91D10022D04E /* Assets.xcassets */ = {isa = PBXFileReference; lastKnownFileType = folder.assetcatalog; path = Assets.xcassets; sourceTree = "<group>"; };
		495AB7C5213E91D10022D04E /* Base */ = {isa = PBXFileReference; lastKnownFileType = file.storyboard; name = Base; path = Base.lproj/LaunchScreen.storyboard; sourceTree = "<group>"; };
		495AB7C7213E91D10022D04E /* Info.plist */ = {isa = PBXFileReference; lastKnownFileType = text.plist.xml; path = Info.plist; sourceTree = "<group>"; };
		495AB7D0213E93410022D04E /* Profile.storyboard */ = {isa = PBXFileReference; lastKnownFileType = file.storyboard; path = Profile.storyboard; sourceTree = "<group>"; };
		495AB7DF213E94D10022D04E /* ProfileBaseController.swift */ = {isa = PBXFileReference; lastKnownFileType = sourcecode.swift; path = ProfileBaseController.swift; sourceTree = "<group>"; };
		495AB7E1213E96520022D04E /* ProfileDatasource.swift */ = {isa = PBXFileReference; lastKnownFileType = sourcecode.swift; path = ProfileDatasource.swift; sourceTree = "<group>"; };
		495AB7EA213EAC800022D04E /* ProfileButtonsItemCell.swift */ = {isa = PBXFileReference; lastKnownFileType = sourcecode.swift; path = ProfileButtonsItemCell.swift; sourceTree = "<group>"; };
		495AB7EC213EAF520022D04E /* ProfileAboutInfoItemCell.swift */ = {isa = PBXFileReference; lastKnownFileType = sourcecode.swift; path = ProfileAboutInfoItemCell.swift; sourceTree = "<group>"; };
		495AB7EE213EB0950022D04E /* ProfileAboutSubtitleItemCell.swift */ = {isa = PBXFileReference; lastKnownFileType = sourcecode.swift; path = ProfileAboutSubtitleItemCell.swift; sourceTree = "<group>"; };
		495AB7F0213EB1380022D04E /* ProfileAboutDescriptionItemCell.swift */ = {isa = PBXFileReference; lastKnownFileType = sourcecode.swift; path = ProfileAboutDescriptionItemCell.swift; sourceTree = "<group>"; };
		495AB7F2213EB20A0022D04E /* ProfileAboutItemCell.swift */ = {isa = PBXFileReference; lastKnownFileType = sourcecode.swift; path = ProfileAboutItemCell.swift; sourceTree = "<group>"; };
		495AB7F5213EB8D80022D04E /* ProfileOnlineIndicatorView.swift */ = {isa = PBXFileReference; lastKnownFileType = sourcecode.swift; path = ProfileOnlineIndicatorView.swift; sourceTree = "<group>"; };
		495AB7F7213EBA5C0022D04E /* UIColor+RGB.swift */ = {isa = PBXFileReference; fileEncoding = 4; lastKnownFileType = sourcecode.swift; path = "UIColor+RGB.swift"; sourceTree = "<group>"; };
		495AB7F9213EC1BB0022D04E /* UserInfo.swift */ = {isa = PBXFileReference; lastKnownFileType = sourcecode.swift; path = UserInfo.swift; sourceTree = "<group>"; };
		495AB7FB213FA3B40022D04E /* ProfileOwnPhotoItemCell.swift */ = {isa = PBXFileReference; lastKnownFileType = sourcecode.swift; path = ProfileOwnPhotoItemCell.swift; sourceTree = "<group>"; };
		495AB7FD213FA9BE0022D04E /* CircleShadowedProportionalButton.swift */ = {isa = PBXFileReference; lastKnownFileType = sourcecode.swift; path = CircleShadowedProportionalButton.swift; sourceTree = "<group>"; };
		4971EF862155296400D58EFF /* MD5.xcodeproj */ = {isa = PBXFileReference; lastKnownFileType = "wrapper.pb-project"; name = MD5.xcodeproj; path = ../../ios_tn/trunk/Frameworks/MD5/MD5.xcodeproj; sourceTree = "<group>"; };
		4971EF8C2155296F00D58EFF /* TNURLImageView.xcodeproj */ = {isa = PBXFileReference; lastKnownFileType = "wrapper.pb-project"; name = TNURLImageView.xcodeproj; path = ../../ios_tn/trunk/Frameworks/TNURLImageView/TNURLImageView.xcodeproj; sourceTree = "<group>"; };
		4971EF922155297600D58EFF /* CollectionControls.xcodeproj */ = {isa = PBXFileReference; lastKnownFileType = "wrapper.pb-project"; name = CollectionControls.xcodeproj; path = ../../ios_tn/trunk/Frameworks/CollectionControls/CollectionControls.xcodeproj; sourceTree = "<group>"; };
		4971EF982155297C00D58EFF /* PageControls.xcodeproj */ = {isa = PBXFileReference; lastKnownFileType = "wrapper.pb-project"; name = PageControls.xcodeproj; path = ../../ios_tn/trunk/Frameworks/PageControls/PageControls.xcodeproj; sourceTree = "<group>"; };
		49804B0B2142BCEC00D5DC3C /* SmallPhotosScroller.swift */ = {isa = PBXFileReference; lastKnownFileType = sourcecode.swift; path = SmallPhotosScroller.swift; sourceTree = "<group>"; };
		49804B0D2142BE0D00D5DC3C /* SmallPhotoScrollerCell.swift */ = {isa = PBXFileReference; lastKnownFileType = sourcecode.swift; path = SmallPhotoScrollerCell.swift; sourceTree = "<group>"; };
		49804B0E2142BE0D00D5DC3C /* SmallPhotoScrollerCell.xib */ = {isa = PBXFileReference; lastKnownFileType = file.xib; path = SmallPhotoScrollerCell.xib; sourceTree = "<group>"; };
		49823B55213FEF5E001394E6 /* ProfileItemCell.swift */ = {isa = PBXFileReference; lastKnownFileType = sourcecode.swift; path = ProfileItemCell.swift; sourceTree = "<group>"; };
		49823B5721400C73001394E6 /* ProfileButtonsPanel.swift */ = {isa = PBXFileReference; lastKnownFileType = sourcecode.swift; path = ProfileButtonsPanel.swift; sourceTree = "<group>"; };
		49823B5C2141028F001394E6 /* IPageControl.swift */ = {isa = PBXFileReference; lastKnownFileType = sourcecode.swift; path = IPageControl.swift; sourceTree = "<group>"; };
		49F62812214BCD7400CF788C /* ProfilePhotoScrollerDatasource.swift */ = {isa = PBXFileReference; lastKnownFileType = sourcecode.swift; path = ProfilePhotoScrollerDatasource.swift; sourceTree = "<group>"; };
		49F62815214BCE0600CF788C /* ProfilePhotoScrollerLayout.swift */ = {isa = PBXFileReference; lastKnownFileType = sourcecode.swift; path = ProfilePhotoScrollerLayout.swift; sourceTree = "<group>"; };
		49F62817214BCE7500CF788C /* ProfilePhotoScrollerLayoutAttributes.swift */ = {isa = PBXFileReference; lastKnownFileType = sourcecode.swift; path = ProfilePhotoScrollerLayoutAttributes.swift; sourceTree = "<group>"; };
		49FD64A42142434C007011F4 /* Magnolia Script.otf */ = {isa = PBXFileReference; lastKnownFileType = file; path = "Magnolia Script.otf"; sourceTree = "<group>"; };
		49FD64C821429B96007011F4 /* ProfilePhotoCell.swift */ = {isa = PBXFileReference; lastKnownFileType = sourcecode.swift; name = ProfilePhotoCell.swift; path = "profilePrototyping/classes/classes/photo scroller/full frame scroller for profile/cell/ProfilePhotoCell.swift"; sourceTree = SOURCE_ROOT; };
		49FD64CC21429DC7007011F4 /* girl1.jpg */ = {isa = PBXFileReference; lastKnownFileType = image.jpeg; path = girl1.jpg; sourceTree = "<group>"; };
		49FD64CD21429DC7007011F4 /* girl2.jpg */ = {isa = PBXFileReference; lastKnownFileType = image.jpeg; path = girl2.jpg; sourceTree = "<group>"; };
		49FD64CE21429DC8007011F4 /* girl3.jpg */ = {isa = PBXFileReference; lastKnownFileType = image.jpeg; path = girl3.jpg; sourceTree = "<group>"; };
		49FD64D22142A5A9007011F4 /* ProfilePhotoScrollerView.swift */ = {isa = PBXFileReference; lastKnownFileType = sourcecode.swift; name = ProfilePhotoScrollerView.swift; path = "profilePrototyping/classes/classes/photo scroller/full frame scroller for profile/ProfilePhotoScrollerView.swift"; sourceTree = SOURCE_ROOT; };
/* End PBXFileReference section */

/* Begin PBXFrameworksBuildPhase section */
		495AB7B5213E91D00022D04E /* Frameworks */ = {
			isa = PBXFrameworksBuildPhase;
			buildActionMask = 2147483647;
			files = (
				4971EFA12155299000D58EFF /* CollectionControls.framework in Frameworks */,
				4971EFA52155299800D58EFF /* PageControls.framework in Frameworks */,
			);
			runOnlyForDeploymentPostprocessing = 0;
		};
/* End PBXFrameworksBuildPhase section */

/* Begin PBXGroup section */
		49105E582147BFEE001482B0 /* extensions */ = {
			isa = PBXGroup;
			children = (
				495AB7F7213EBA5C0022D04E /* UIColor+RGB.swift */,
			);
			path = extensions;
			sourceTree = "<group>";
		};
		4937484121465FE00014A7BC /* cell */ = {
			isa = PBXGroup;
			children = (
				49804B0D2142BE0D00D5DC3C /* SmallPhotoScrollerCell.swift */,
				49804B0E2142BE0D00D5DC3C /* SmallPhotoScrollerCell.xib */,
			);
			path = cell;
			sourceTree = "<group>";
		};
		4937484221465FFC0014A7BC /* cell */ = {
			isa = PBXGroup;
			children = (
				49FD64C821429B96007011F4 /* ProfilePhotoCell.swift */,
				49374843214660240014A7BC /* ProfilePhotoCell.xib */,
			);
			path = cell;
			sourceTree = "<group>";
		};
		493748B121468E5C0014A7BC /* controllers */ = {
			isa = PBXGroup;
			children = (
				493748B221468E670014A7BC /* intro */,
				495AB7CF213E93230022D04E /* profile */,
			);
			path = controllers;
			sourceTree = "<group>";
		};
		493748B221468E670014A7BC /* intro */ = {
			isa = PBXGroup;
			children = (
				493748B92146915B0014A7BC /* cells */,
				493748B321468E850014A7BC /* Intro.storyboard */,
				493748B521468E990014A7BC /* IntroViewController.swift */,
				493748B7214690E00014A7BC /* IntroScrollView.swift */,
			);
			path = intro;
			sourceTree = "<group>";
		};
		493748B92146915B0014A7BC /* cells */ = {
			isa = PBXGroup;
			children = (
				493748BA2146917A0014A7BC /* IntroPage0Cell.swift */,
				493748BB2146917A0014A7BC /* IntroPage0Cell.xib */,
				493748BE2146918E0014A7BC /* IntroPageXCell.swift */,
				493748BF2146918E0014A7BC /* IntroPageXCell.xib */,
			);
			path = cells;
			sourceTree = "<group>";
		};
		49498530214A61F5005C3ABB /* zoom test */ = {
			isa = PBXGroup;
			children = (
				4949853B214A6EC0005C3ABB /* ImageZoomView.swift */,
				4949852D214A6101005C3ABB /* ZoomTestController.swift */,
			);
			path = "zoom test";
			sourceTree = "<group>";
		};
		495AB7AF213E91D00022D04E = {
			isa = PBXGroup;
			children = (
				4971EF982155297C00D58EFF /* PageControls.xcodeproj */,
				4971EF922155297600D58EFF /* CollectionControls.xcodeproj */,
				4971EF8C2155296F00D58EFF /* TNURLImageView.xcodeproj */,
				4971EF862155296400D58EFF /* MD5.xcodeproj */,
				495AB7BA213E91D00022D04E /* profilePrototyping */,
				495AB7B9213E91D00022D04E /* Products */,
			);
			sourceTree = "<group>";
		};
		495AB7B9213E91D00022D04E /* Products */ = {
			isa = PBXGroup;
			children = (
				495AB7B8213E91D00022D04E /* profilePrototyping.app */,
			);
			name = Products;
			sourceTree = "<group>";
		};
		495AB7BA213E91D00022D04E /* profilePrototyping */ = {
			isa = PBXGroup;
			children = (
				49FD64A621428952007011F4 /* Frameworks */,
				495AB7CE213E92F10022D04E /* classes */,
				495AB7CD213E92540022D04E /* Supporting files */,
			);
			path = profilePrototyping;
			sourceTree = "<group>";
		};
		495AB7CD213E92540022D04E /* Supporting files */ = {
			isa = PBXGroup;
			children = (
				49FD64CC21429DC7007011F4 /* girl1.jpg */,
				49FD64CD21429DC7007011F4 /* girl2.jpg */,
				49FD64CE21429DC8007011F4 /* girl3.jpg */,
				49105E522147B044001482B0 /* girl4.jpg */,
				49105E532147B045001482B0 /* girl5.jpg */,
				49FD64A42142434C007011F4 /* Magnolia Script.otf */,
				495AB7BB213E91D00022D04E /* AppDelegate.swift */,
				495AB7BD213E91D00022D04E /* ViewController.swift */,
				495AB7BF213E91D00022D04E /* Main.storyboard */,
				495AB7C2213E91D10022D04E /* Assets.xcassets */,
				495AB7C4213E91D10022D04E /* LaunchScreen.storyboard */,
				495AB7C7213E91D10022D04E /* Info.plist */,
			);
			path = "Supporting files";
			sourceTree = "<group>";
		};
		495AB7CE213E92F10022D04E /* classes */ = {
			isa = PBXGroup;
			children = (
				493748B121468E5C0014A7BC /* controllers */,
				495AB7F4213EB8B30022D04E /* classes */,
				49498530214A61F5005C3ABB /* zoom test */,
			);
			path = classes;
			sourceTree = "<group>";
		};
		495AB7CF213E93230022D04E /* profile */ = {
			isa = PBXGroup;
			children = (
				495AB7D0213E93410022D04E /* Profile.storyboard */,
				495AB7E3213E976C0022D04E /* cells */,
				495AB7E1213E96520022D04E /* ProfileDatasource.swift */,
				495AB7DF213E94D10022D04E /* ProfileBaseController.swift */,
				495AB7F9213EC1BB0022D04E /* UserInfo.swift */,
			);
			path = profile;
			sourceTree = "<group>";
		};
		495AB7E3213E976C0022D04E /* cells */ = {
			isa = PBXGroup;
			children = (
				49823B55213FEF5E001394E6 /* ProfileItemCell.swift */,
				495AB7FB213FA3B40022D04E /* ProfileOwnPhotoItemCell.swift */,
				495AB7EA213EAC800022D04E /* ProfileButtonsItemCell.swift */,
				495AB7EC213EAF520022D04E /* ProfileAboutInfoItemCell.swift */,
				495AB7EE213EB0950022D04E /* ProfileAboutSubtitleItemCell.swift */,
				495AB7F0213EB1380022D04E /* ProfileAboutDescriptionItemCell.swift */,
				495AB7F2213EB20A0022D04E /* ProfileAboutItemCell.swift */,
				49105E562147B753001482B0 /* ProfilePortraitPhotoItemCell.swift */,
			);
			path = cells;
			sourceTree = "<group>";
		};
		495AB7F4213EB8B30022D04E /* classes */ = {
			isa = PBXGroup;
			children = (
				49105E582147BFEE001482B0 /* extensions */,
				49C58A1F21464CDD0063B096 /* controls */,
				49804B082142B79000D5DC3C /* page controls */,
				49FD64BB2142972A007011F4 /* photo scroller */,
			);
			path = classes;
			sourceTree = "<group>";
		};
		4971EF872155296400D58EFF /* Products */ = {
			isa = PBXGroup;
			children = (
				4971EF8B2155296400D58EFF /* MD5.framework */,
			);
			name = Products;
			sourceTree = "<group>";
		};
		4971EF8D2155296F00D58EFF /* Products */ = {
			isa = PBXGroup;
			children = (
				4971EF912155296F00D58EFF /* TNURLImageView.framework */,
			);
			name = Products;
			sourceTree = "<group>";
		};
		4971EF932155297600D58EFF /* Products */ = {
			isa = PBXGroup;
			children = (
				4971EF972155297600D58EFF /* CollectionControls.framework */,
			);
			name = Products;
			sourceTree = "<group>";
		};
		4971EF992155297C00D58EFF /* Products */ = {
			isa = PBXGroup;
			children = (
				4971EF9E2155297C00D58EFF /* PageControls.framework */,
				4971EFA02155297C00D58EFF /* pageControlTesting.app */,
			);
			name = Products;
			sourceTree = "<group>";
		};
		49804B082142B79000D5DC3C /* page controls */ = {
			isa = PBXGroup;
			children = (
				49823B5C2141028F001394E6 /* IPageControl.swift */,
			);
			path = "page controls";
			sourceTree = "<group>";
		};
		49804B092142B7FF00D5DC3C /* full frame scroller for profile */ = {
			isa = PBXGroup;
			children = (
				4937484221465FFC0014A7BC /* cell */,
				49FD64D22142A5A9007011F4 /* ProfilePhotoScrollerView.swift */,
				49F62812214BCD7400CF788C /* ProfilePhotoScrollerDatasource.swift */,
				49F62815214BCE0600CF788C /* ProfilePhotoScrollerLayout.swift */,
				49F62817214BCE7500CF788C /* ProfilePhotoScrollerLayoutAttributes.swift */,
			);
			path = "full frame scroller for profile";
			sourceTree = "<group>";
		};
		49804B0A2142B8FE00D5DC3C /* small photos scroller */ = {
			isa = PBXGroup;
			children = (
				4937484121465FE00014A7BC /* cell */,
				49804B0B2142BCEC00D5DC3C /* SmallPhotosScroller.swift */,
			);
			path = "small photos scroller";
			sourceTree = "<group>";
		};
		49C58A1F21464CDD0063B096 /* controls */ = {
			isa = PBXGroup;
			children = (
				495AB7F5213EB8D80022D04E /* ProfileOnlineIndicatorView.swift */,
				495AB7FD213FA9BE0022D04E /* CircleShadowedProportionalButton.swift */,
				49823B5721400C73001394E6 /* ProfileButtonsPanel.swift */,
			);
			path = controls;
			sourceTree = "<group>";
		};
		49FD64A621428952007011F4 /* Frameworks */ = {
			isa = PBXGroup;
			children = (
			);
			path = Frameworks;
			sourceTree = SOURCE_ROOT;
		};
		49FD64BB2142972A007011F4 /* photo scroller */ = {
			isa = PBXGroup;
			children = (
				49804B0A2142B8FE00D5DC3C /* small photos scroller */,
				49804B092142B7FF00D5DC3C /* full frame scroller for profile */,
			);
			path = "photo scroller";
			sourceTree = "<group>";
		};
/* End PBXGroup section */

/* Begin PBXNativeTarget section */
		495AB7B7213E91D00022D04E /* profilePrototyping */ = {
			isa = PBXNativeTarget;
			buildConfigurationList = 495AB7CA213E91D10022D04E /* Build configuration list for PBXNativeTarget "profilePrototyping" */;
			buildPhases = (
				495AB7B4213E91D00022D04E /* Sources */,
				495AB7B5213E91D00022D04E /* Frameworks */,
				495AB7B6213E91D00022D04E /* Resources */,
				49FD64AF21428962007011F4 /* Embed Frameworks */,
			);
			buildRules = (
			);
			dependencies = (
				4971EFA42155299000D58EFF /* PBXTargetDependency */,
				4971EFA82155299800D58EFF /* PBXTargetDependency */,
			);
			name = profilePrototyping;
			productName = profilePrototyping;
			productReference = 495AB7B8213E91D00022D04E /* profilePrototyping.app */;
			productType = "com.apple.product-type.application";
		};
/* End PBXNativeTarget section */

/* Begin PBXProject section */
		495AB7B0213E91D00022D04E /* Project object */ = {
			isa = PBXProject;
			attributes = {
				LastSwiftUpdateCheck = 0940;
				LastUpgradeCheck = 0940;
				ORGANIZATIONNAME = "Victor Zinets";
				TargetAttributes = {
					495AB7B7213E91D00022D04E = {
						CreatedOnToolsVersion = 9.4.1;
					};
				};
			};
			buildConfigurationList = 495AB7B3213E91D00022D04E /* Build configuration list for PBXProject "profilePrototyping" */;
			compatibilityVersion = "Xcode 9.3";
			developmentRegion = en;
			hasScannedForEncodings = 0;
			knownRegions = (
				en,
				Base,
			);
			mainGroup = 495AB7AF213E91D00022D04E;
			productRefGroup = 495AB7B9213E91D00022D04E /* Products */;
			projectDirPath = "";
			projectReferences = (
				{
					ProductGroup = 4971EF932155297600D58EFF /* Products */;
					ProjectRef = 4971EF922155297600D58EFF /* CollectionControls.xcodeproj */;
				},
				{
					ProductGroup = 4971EF872155296400D58EFF /* Products */;
					ProjectRef = 4971EF862155296400D58EFF /* MD5.xcodeproj */;
				},
				{
					ProductGroup = 4971EF992155297C00D58EFF /* Products */;
					ProjectRef = 4971EF982155297C00D58EFF /* PageControls.xcodeproj */;
				},
				{
					ProductGroup = 4971EF8D2155296F00D58EFF /* Products */;
					ProjectRef = 4971EF8C2155296F00D58EFF /* TNURLImageView.xcodeproj */;
				},
			);
			projectRoot = "";
			targets = (
				495AB7B7213E91D00022D04E /* profilePrototyping */,
			);
		};
/* End PBXProject section */

/* Begin PBXReferenceProxy section */
		4971EF8B2155296400D58EFF /* MD5.framework */ = {
			isa = PBXReferenceProxy;
			fileType = wrapper.framework;
			path = MD5.framework;
			remoteRef = 4971EF8A2155296400D58EFF /* PBXContainerItemProxy */;
			sourceTree = BUILT_PRODUCTS_DIR;
		};
		4971EF912155296F00D58EFF /* TNURLImageView.framework */ = {
			isa = PBXReferenceProxy;
			fileType = wrapper.framework;
			path = TNURLImageView.framework;
			remoteRef = 4971EF902155296F00D58EFF /* PBXContainerItemProxy */;
			sourceTree = BUILT_PRODUCTS_DIR;
		};
		4971EF972155297600D58EFF /* CollectionControls.framework */ = {
			isa = PBXReferenceProxy;
			fileType = wrapper.framework;
			path = CollectionControls.framework;
			remoteRef = 4971EF962155297600D58EFF /* PBXContainerItemProxy */;
			sourceTree = BUILT_PRODUCTS_DIR;
		};
		4971EF9E2155297C00D58EFF /* PageControls.framework */ = {
			isa = PBXReferenceProxy;
			fileType = wrapper.framework;
			path = PageControls.framework;
			remoteRef = 4971EF9D2155297C00D58EFF /* PBXContainerItemProxy */;
			sourceTree = BUILT_PRODUCTS_DIR;
		};
		4971EFA02155297C00D58EFF /* pageControlTesting.app */ = {
			isa = PBXReferenceProxy;
			fileType = wrapper.application;
			path = pageControlTesting.app;
			remoteRef = 4971EF9F2155297C00D58EFF /* PBXContainerItemProxy */;
			sourceTree = BUILT_PRODUCTS_DIR;
		};
/* End PBXReferenceProxy section */

/* Begin PBXResourcesBuildPhase section */
		495AB7B6213E91D00022D04E /* Resources */ = {
			isa = PBXResourcesBuildPhase;
			buildActionMask = 2147483647;
			files = (
				493748BD2146917A0014A7BC /* IntroPage0Cell.xib in Resources */,
				493748C12146918E0014A7BC /* IntroPageXCell.xib in Resources */,
				49105E542147B045001482B0 /* girl4.jpg in Resources */,
				49FD64D021429DC8007011F4 /* girl2.jpg in Resources */,
				49FD64D121429DC8007011F4 /* girl3.jpg in Resources */,
				495AB7C6213E91D10022D04E /* LaunchScreen.storyboard in Resources */,
				495AB7C3213E91D10022D04E /* Assets.xcassets in Resources */,
				49105E552147B045001482B0 /* girl5.jpg in Resources */,
				49374844214660240014A7BC /* ProfilePhotoCell.xib in Resources */,
				49FD64A52142434C007011F4 /* Magnolia Script.otf in Resources */,
				49FD64CF21429DC8007011F4 /* girl1.jpg in Resources */,
				495AB7D1213E93410022D04E /* Profile.storyboard in Resources */,
				49804B102142BE0D00D5DC3C /* SmallPhotoScrollerCell.xib in Resources */,
				493748B421468E850014A7BC /* Intro.storyboard in Resources */,
				495AB7C1213E91D00022D04E /* Main.storyboard in Resources */,
			);
			runOnlyForDeploymentPostprocessing = 0;
		};
/* End PBXResourcesBuildPhase section */

/* Begin PBXSourcesBuildPhase section */
		495AB7B4213E91D00022D04E /* Sources */ = {
			isa = PBXSourcesBuildPhase;
			buildActionMask = 2147483647;
			files = (
				495AB7E2213E96520022D04E /* ProfileDatasource.swift in Sources */,
				49823B5D2141028F001394E6 /* IPageControl.swift in Sources */,
				493748B8214690E00014A7BC /* IntroScrollView.swift in Sources */,
				49F62813214BCD7400CF788C /* ProfilePhotoScrollerDatasource.swift in Sources */,
				49F62816214BCE0600CF788C /* ProfilePhotoScrollerLayout.swift in Sources */,
				49804B0F2142BE0D00D5DC3C /* SmallPhotoScrollerCell.swift in Sources */,
				495AB7F6213EB8D80022D04E /* ProfileOnlineIndicatorView.swift in Sources */,
				4949853C214A6EC0005C3ABB /* ImageZoomView.swift in Sources */,
				49FD64CA21429B96007011F4 /* ProfilePhotoCell.swift in Sources */,
				495AB7FC213FA3B40022D04E /* ProfileOwnPhotoItemCell.swift in Sources */,
				4949852E214A6101005C3ABB /* ZoomTestController.swift in Sources */,
				49FD64D32142A5A9007011F4 /* ProfilePhotoScrollerView.swift in Sources */,
				495AB7ED213EAF520022D04E /* ProfileAboutInfoItemCell.swift in Sources */,
				495AB7F8213EBA5C0022D04E /* UIColor+RGB.swift in Sources */,
				495AB7BE213E91D00022D04E /* ViewController.swift in Sources */,
				495AB7BC213E91D00022D04E /* AppDelegate.swift in Sources */,
				49823B56213FEF5E001394E6 /* ProfileItemCell.swift in Sources */,
				493748C02146918E0014A7BC /* IntroPageXCell.swift in Sources */,
				49804B0C2142BCEC00D5DC3C /* SmallPhotosScroller.swift in Sources */,
				495AB7EB213EAC800022D04E /* ProfileButtonsItemCell.swift in Sources */,
				495AB7F3213EB20A0022D04E /* ProfileAboutItemCell.swift in Sources */,
				493748BC2146917A0014A7BC /* IntroPage0Cell.swift in Sources */,
				495AB7E0213E94D10022D04E /* ProfileBaseController.swift in Sources */,
				495AB7EF213EB0950022D04E /* ProfileAboutSubtitleItemCell.swift in Sources */,
				49F62818214BCE7500CF788C /* ProfilePhotoScrollerLayoutAttributes.swift in Sources */,
				495AB7FE213FA9BE0022D04E /* CircleShadowedProportionalButton.swift in Sources */,
				495AB7FA213EC1BB0022D04E /* UserInfo.swift in Sources */,
				493748B621468E990014A7BC /* IntroViewController.swift in Sources */,
				49823B5821400C73001394E6 /* ProfileButtonsPanel.swift in Sources */,
				49105E572147B753001482B0 /* ProfilePortraitPhotoItemCell.swift in Sources */,
				495AB7F1213EB1380022D04E /* ProfileAboutDescriptionItemCell.swift in Sources */,
			);
			runOnlyForDeploymentPostprocessing = 0;
		};
/* End PBXSourcesBuildPhase section */

/* Begin PBXTargetDependency section */
		4971EFA42155299000D58EFF /* PBXTargetDependency */ = {
			isa = PBXTargetDependency;
			name = CollectionControls;
			targetProxy = 4971EFA32155299000D58EFF /* PBXContainerItemProxy */;
		};
		4971EFA82155299800D58EFF /* PBXTargetDependency */ = {
			isa = PBXTargetDependency;
			name = PageControls;
			targetProxy = 4971EFA72155299800D58EFF /* PBXContainerItemProxy */;
		};
/* End PBXTargetDependency section */

/* Begin PBXVariantGroup section */
		495AB7BF213E91D00022D04E /* Main.storyboard */ = {
			isa = PBXVariantGroup;
			children = (
				495AB7C0213E91D00022D04E /* Base */,
			);
			name = Main.storyboard;
			sourceTree = "<group>";
		};
		495AB7C4213E91D10022D04E /* LaunchScreen.storyboard */ = {
			isa = PBXVariantGroup;
			children = (
				495AB7C5213E91D10022D04E /* Base */,
			);
			name = LaunchScreen.storyboard;
			sourceTree = "<group>";
		};
/* End PBXVariantGroup section */

/* Begin XCBuildConfiguration section */
		495AB7C8213E91D10022D04E /* Debug */ = {
			isa = XCBuildConfiguration;
			buildSettings = {
				ALWAYS_SEARCH_USER_PATHS = NO;
				CLANG_ANALYZER_NONNULL = YES;
				CLANG_ANALYZER_NUMBER_OBJECT_CONVERSION = YES_AGGRESSIVE;
				CLANG_CXX_LANGUAGE_STANDARD = "gnu++14";
				CLANG_CXX_LIBRARY = "libc++";
				CLANG_ENABLE_MODULES = YES;
				CLANG_ENABLE_OBJC_ARC = YES;
				CLANG_ENABLE_OBJC_WEAK = YES;
				CLANG_WARN_BLOCK_CAPTURE_AUTORELEASING = YES;
				CLANG_WARN_BOOL_CONVERSION = YES;
				CLANG_WARN_COMMA = YES;
				CLANG_WARN_CONSTANT_CONVERSION = YES;
				CLANG_WARN_DEPRECATED_OBJC_IMPLEMENTATIONS = YES;
				CLANG_WARN_DIRECT_OBJC_ISA_USAGE = YES_ERROR;
				CLANG_WARN_DOCUMENTATION_COMMENTS = YES;
				CLANG_WARN_EMPTY_BODY = YES;
				CLANG_WARN_ENUM_CONVERSION = YES;
				CLANG_WARN_INFINITE_RECURSION = YES;
				CLANG_WARN_INT_CONVERSION = YES;
				CLANG_WARN_NON_LITERAL_NULL_CONVERSION = YES;
				CLANG_WARN_OBJC_IMPLICIT_RETAIN_SELF = YES;
				CLANG_WARN_OBJC_LITERAL_CONVERSION = YES;
				CLANG_WARN_OBJC_ROOT_CLASS = YES_ERROR;
				CLANG_WARN_RANGE_LOOP_ANALYSIS = YES;
				CLANG_WARN_STRICT_PROTOTYPES = YES;
				CLANG_WARN_SUSPICIOUS_MOVE = YES;
				CLANG_WARN_UNGUARDED_AVAILABILITY = YES_AGGRESSIVE;
				CLANG_WARN_UNREACHABLE_CODE = YES;
				CLANG_WARN__DUPLICATE_METHOD_MATCH = YES;
				CODE_SIGN_IDENTITY = "iPhone Developer";
				COPY_PHASE_STRIP = NO;
				DEBUG_INFORMATION_FORMAT = dwarf;
				ENABLE_STRICT_OBJC_MSGSEND = YES;
				ENABLE_TESTABILITY = YES;
				GCC_C_LANGUAGE_STANDARD = gnu11;
				GCC_DYNAMIC_NO_PIC = NO;
				GCC_NO_COMMON_BLOCKS = YES;
				GCC_OPTIMIZATION_LEVEL = 0;
				GCC_PREPROCESSOR_DEFINITIONS = (
					"DEBUG=1",
					"$(inherited)",
				);
				GCC_WARN_64_TO_32_BIT_CONVERSION = YES;
				GCC_WARN_ABOUT_RETURN_TYPE = YES_ERROR;
				GCC_WARN_UNDECLARED_SELECTOR = YES;
				GCC_WARN_UNINITIALIZED_AUTOS = YES_AGGRESSIVE;
				GCC_WARN_UNUSED_FUNCTION = YES;
				GCC_WARN_UNUSED_VARIABLE = YES;
				IPHONEOS_DEPLOYMENT_TARGET = 11.4;
				MTL_ENABLE_DEBUG_INFO = YES;
				ONLY_ACTIVE_ARCH = YES;
				SDKROOT = iphoneos;
				SWIFT_ACTIVE_COMPILATION_CONDITIONS = DEBUG;
				SWIFT_OPTIMIZATION_LEVEL = "-Onone";
			};
			name = Debug;
		};
		495AB7C9213E91D10022D04E /* Release */ = {
			isa = XCBuildConfiguration;
			buildSettings = {
				ALWAYS_SEARCH_USER_PATHS = NO;
				CLANG_ANALYZER_NONNULL = YES;
				CLANG_ANALYZER_NUMBER_OBJECT_CONVERSION = YES_AGGRESSIVE;
				CLANG_CXX_LANGUAGE_STANDARD = "gnu++14";
				CLANG_CXX_LIBRARY = "libc++";
				CLANG_ENABLE_MODULES = YES;
				CLANG_ENABLE_OBJC_ARC = YES;
				CLANG_ENABLE_OBJC_WEAK = YES;
				CLANG_WARN_BLOCK_CAPTURE_AUTORELEASING = YES;
				CLANG_WARN_BOOL_CONVERSION = YES;
				CLANG_WARN_COMMA = YES;
				CLANG_WARN_CONSTANT_CONVERSION = YES;
				CLANG_WARN_DEPRECATED_OBJC_IMPLEMENTATIONS = YES;
				CLANG_WARN_DIRECT_OBJC_ISA_USAGE = YES_ERROR;
				CLANG_WARN_DOCUMENTATION_COMMENTS = YES;
				CLANG_WARN_EMPTY_BODY = YES;
				CLANG_WARN_ENUM_CONVERSION = YES;
				CLANG_WARN_INFINITE_RECURSION = YES;
				CLANG_WARN_INT_CONVERSION = YES;
				CLANG_WARN_NON_LITERAL_NULL_CONVERSION = YES;
				CLANG_WARN_OBJC_IMPLICIT_RETAIN_SELF = YES;
				CLANG_WARN_OBJC_LITERAL_CONVERSION = YES;
				CLANG_WARN_OBJC_ROOT_CLASS = YES_ERROR;
				CLANG_WARN_RANGE_LOOP_ANALYSIS = YES;
				CLANG_WARN_STRICT_PROTOTYPES = YES;
				CLANG_WARN_SUSPICIOUS_MOVE = YES;
				CLANG_WARN_UNGUARDED_AVAILABILITY = YES_AGGRESSIVE;
				CLANG_WARN_UNREACHABLE_CODE = YES;
				CLANG_WARN__DUPLICATE_METHOD_MATCH = YES;
				CODE_SIGN_IDENTITY = "iPhone Developer";
				COPY_PHASE_STRIP = NO;
				DEBUG_INFORMATION_FORMAT = "dwarf-with-dsym";
				ENABLE_NS_ASSERTIONS = NO;
				ENABLE_STRICT_OBJC_MSGSEND = YES;
				GCC_C_LANGUAGE_STANDARD = gnu11;
				GCC_NO_COMMON_BLOCKS = YES;
				GCC_WARN_64_TO_32_BIT_CONVERSION = YES;
				GCC_WARN_ABOUT_RETURN_TYPE = YES_ERROR;
				GCC_WARN_UNDECLARED_SELECTOR = YES;
				GCC_WARN_UNINITIALIZED_AUTOS = YES_AGGRESSIVE;
				GCC_WARN_UNUSED_FUNCTION = YES;
				GCC_WARN_UNUSED_VARIABLE = YES;
				IPHONEOS_DEPLOYMENT_TARGET = 11.4;
				MTL_ENABLE_DEBUG_INFO = NO;
				SDKROOT = iphoneos;
				SWIFT_COMPILATION_MODE = wholemodule;
				SWIFT_OPTIMIZATION_LEVEL = "-O";
				VALIDATE_PRODUCT = YES;
			};
			name = Release;
		};
		495AB7CB213E91D10022D04E /* Debug */ = {
			isa = XCBuildConfiguration;
			buildSettings = {
				ALWAYS_EMBED_SWIFT_STANDARD_LIBRARIES = YES;
				ASSETCATALOG_COMPILER_APPICON_NAME = AppIcon;
				CODE_SIGN_STYLE = Automatic;
				DEVELOPMENT_TEAM = L879VUX8U4;
				FRAMEWORK_SEARCH_PATHS = (
					"$(inherited)",
					"$(PROJECT_DIR)/Frameworks",
				);
				INFOPLIST_FILE = "$(SRCROOT)/profilePrototyping/Supporting files/Info.plist";
				IPHONEOS_DEPLOYMENT_TARGET = 10.0;
				LD_RUNPATH_SEARCH_PATHS = (
					"$(inherited)",
					"@executable_path/Frameworks",
				);
				PRODUCT_BUNDLE_IDENTIFIER = zinets.profilePrototyping;
				PRODUCT_NAME = "$(TARGET_NAME)";
				SWIFT_VERSION = 4.0;
				TARGETED_DEVICE_FAMILY = "1,2";
			};
			name = Debug;
		};
		495AB7CC213E91D10022D04E /* Release */ = {
			isa = XCBuildConfiguration;
			buildSettings = {
				ALWAYS_EMBED_SWIFT_STANDARD_LIBRARIES = YES;
				ASSETCATALOG_COMPILER_APPICON_NAME = AppIcon;
				CODE_SIGN_STYLE = Automatic;
				DEVELOPMENT_TEAM = L879VUX8U4;
				FRAMEWORK_SEARCH_PATHS = (
					"$(inherited)",
					"$(PROJECT_DIR)/Frameworks",
				);
				INFOPLIST_FILE = "$(SRCROOT)/profilePrototyping/Supporting files/Info.plist";
				IPHONEOS_DEPLOYMENT_TARGET = 10.0;
				LD_RUNPATH_SEARCH_PATHS = (
					"$(inherited)",
					"@executable_path/Frameworks",
				);
				PRODUCT_BUNDLE_IDENTIFIER = zinets.profilePrototyping;
				PRODUCT_NAME = "$(TARGET_NAME)";
				SWIFT_VERSION = 4.0;
				TARGETED_DEVICE_FAMILY = "1,2";
			};
			name = Release;
		};
/* End XCBuildConfiguration section */

/* Begin XCConfigurationList section */
		495AB7B3213E91D00022D04E /* Build configuration list for PBXProject "profilePrototyping" */ = {
			isa = XCConfigurationList;
			buildConfigurations = (
				495AB7C8213E91D10022D04E /* Debug */,
				495AB7C9213E91D10022D04E /* Release */,
			);
			defaultConfigurationIsVisible = 0;
			defaultConfigurationName = Release;
		};
		495AB7CA213E91D10022D04E /* Build configuration list for PBXNativeTarget "profilePrototyping" */ = {
			isa = XCConfigurationList;
			buildConfigurations = (
				495AB7CB213E91D10022D04E /* Debug */,
				495AB7CC213E91D10022D04E /* Release */,
			);
			defaultConfigurationIsVisible = 0;
			defaultConfigurationName = Release;
		};
/* End XCConfigurationList section */
	};
	rootObject = 495AB7B0213E91D00022D04E /* Project object */;
}
