// !$*UTF8*$!
{
	archiveVersion = 1;
	classes = {
	};
	objectVersion = 48;
	objects = {

/* Begin PBXBuildFile section */
		3B3EC940203ADE54000F6DC9 /* AppDelegate.m in Sources */ = {isa = PBXBuildFile; fileRef = 3B3EC93F203ADE54000F6DC9 /* AppDelegate.m */; };
		3B3EC943203ADE54000F6DC9 /* ViewController.m in Sources */ = {isa = PBXBuildFile; fileRef = 3B3EC942203ADE54000F6DC9 /* ViewController.m */; };
		3B3EC946203ADE54000F6DC9 /* Main.storyboard in Resources */ = {isa = PBXBuildFile; fileRef = 3B3EC944203ADE54000F6DC9 /* Main.storyboard */; };
		3B3EC948203ADE54000F6DC9 /* Assets.xcassets in Resources */ = {isa = PBXBuildFile; fileRef = 3B3EC947203ADE54000F6DC9 /* Assets.xcassets */; };
		3B3EC94B203ADE54000F6DC9 /* LaunchScreen.storyboard in Resources */ = {isa = PBXBuildFile; fileRef = 3B3EC949203ADE54000F6DC9 /* LaunchScreen.storyboard */; };
		3B3EC94E203ADE54000F6DC9 /* main.m in Sources */ = {isa = PBXBuildFile; fileRef = 3B3EC94D203ADE54000F6DC9 /* main.m */; };
		3BB9B610203D8FD800BA855C /* MentionLabel.m in Sources */ = {isa = PBXBuildFile; fileRef = 3BB9B60F203D8FD800BA855C /* MentionLabel.m */; };
		3BB9B613203D972400BA855C /* TableViewCell.m in Sources */ = {isa = PBXBuildFile; fileRef = 3BB9B612203D972400BA855C /* TableViewCell.m */; };
		3BEBD7752041BCDB00788DD6 /* InputViewAccessoryView.m in Sources */ = {isa = PBXBuildFile; fileRef = 3BEBD7712041BCDB00788DD6 /* InputViewAccessoryView.m */; };
		3BEBD7762041BCDB00788DD6 /* InputViewAccessoryCell.m in Sources */ = {isa = PBXBuildFile; fileRef = 3BEBD7722041BCDB00788DD6 /* InputViewAccessoryCell.m */; };
		3BEBD7772041BCDB00788DD6 /* MessageTextStorage.m in Sources */ = {isa = PBXBuildFile; fileRef = 3BEBD7732041BCDB00788DD6 /* MessageTextStorage.m */; };
/* End PBXBuildFile section */

/* Begin PBXFileReference section */
		3B3EC93B203ADE54000F6DC9 /* messageTextTest.app */ = {isa = PBXFileReference; explicitFileType = wrapper.application; includeInIndex = 0; path = messageTextTest.app; sourceTree = BUILT_PRODUCTS_DIR; };
		3B3EC93E203ADE54000F6DC9 /* AppDelegate.h */ = {isa = PBXFileReference; lastKnownFileType = sourcecode.c.h; path = AppDelegate.h; sourceTree = "<group>"; };
		3B3EC93F203ADE54000F6DC9 /* AppDelegate.m */ = {isa = PBXFileReference; lastKnownFileType = sourcecode.c.objc; path = AppDelegate.m; sourceTree = "<group>"; };
		3B3EC941203ADE54000F6DC9 /* ViewController.h */ = {isa = PBXFileReference; lastKnownFileType = sourcecode.c.h; path = ViewController.h; sourceTree = "<group>"; };
		3B3EC942203ADE54000F6DC9 /* ViewController.m */ = {isa = PBXFileReference; lastKnownFileType = sourcecode.c.objc; path = ViewController.m; sourceTree = "<group>"; };
		3B3EC945203ADE54000F6DC9 /* Base */ = {isa = PBXFileReference; lastKnownFileType = file.storyboard; name = Base; path = Base.lproj/Main.storyboard; sourceTree = "<group>"; };
		3B3EC947203ADE54000F6DC9 /* Assets.xcassets */ = {isa = PBXFileReference; lastKnownFileType = folder.assetcatalog; path = Assets.xcassets; sourceTree = "<group>"; };
		3B3EC94A203ADE54000F6DC9 /* Base */ = {isa = PBXFileReference; lastKnownFileType = file.storyboard; name = Base; path = Base.lproj/LaunchScreen.storyboard; sourceTree = "<group>"; };
		3B3EC94C203ADE54000F6DC9 /* Info.plist */ = {isa = PBXFileReference; lastKnownFileType = text.plist.xml; path = Info.plist; sourceTree = "<group>"; };
		3B3EC94D203ADE54000F6DC9 /* main.m */ = {isa = PBXFileReference; lastKnownFileType = sourcecode.c.objc; path = main.m; sourceTree = "<group>"; };
		3BB9B60E203D8FD700BA855C /* MentionLabel.h */ = {isa = PBXFileReference; fileEncoding = 4; lastKnownFileType = sourcecode.c.h; name = MentionLabel.h; path = ../../../../ios/trunk/Devents/Devents/ViewControllers/Stories/Main/Chats/controls/MentionLabel.h; sourceTree = "<group>"; };
		3BB9B60F203D8FD800BA855C /* MentionLabel.m */ = {isa = PBXFileReference; fileEncoding = 4; lastKnownFileType = sourcecode.c.objc; name = MentionLabel.m; path = ../../../../ios/trunk/Devents/Devents/ViewControllers/Stories/Main/Chats/controls/MentionLabel.m; sourceTree = "<group>"; };
		3BB9B611203D972400BA855C /* TableViewCell.h */ = {isa = PBXFileReference; lastKnownFileType = sourcecode.c.h; path = TableViewCell.h; sourceTree = "<group>"; };
		3BB9B612203D972400BA855C /* TableViewCell.m */ = {isa = PBXFileReference; lastKnownFileType = sourcecode.c.objc; path = TableViewCell.m; sourceTree = "<group>"; };
		3BEBD76F2041BCDB00788DD6 /* InputViewAccessoryCell.h */ = {isa = PBXFileReference; fileEncoding = 4; lastKnownFileType = sourcecode.c.h; name = InputViewAccessoryCell.h; path = "../../../../../ios/trunk/Devents/Devents/ViewControllers/Stories/Main/pz deprecated Messages/Conversations/input view/mentioned users/InputViewAccessoryCell.h"; sourceTree = "<group>"; };
		3BEBD7702041BCDB00788DD6 /* InputViewAccessoryView.h */ = {isa = PBXFileReference; fileEncoding = 4; lastKnownFileType = sourcecode.c.h; name = InputViewAccessoryView.h; path = "../../../../../ios/trunk/Devents/Devents/ViewControllers/Stories/Main/pz deprecated Messages/Conversations/input view/mentioned users/InputViewAccessoryView.h"; sourceTree = "<group>"; };
		3BEBD7712041BCDB00788DD6 /* InputViewAccessoryView.m */ = {isa = PBXFileReference; fileEncoding = 4; lastKnownFileType = sourcecode.c.objc; name = InputViewAccessoryView.m; path = "../../../../../ios/trunk/Devents/Devents/ViewControllers/Stories/Main/pz deprecated Messages/Conversations/input view/mentioned users/InputViewAccessoryView.m"; sourceTree = "<group>"; };
		3BEBD7722041BCDB00788DD6 /* InputViewAccessoryCell.m */ = {isa = PBXFileReference; fileEncoding = 4; lastKnownFileType = sourcecode.c.objc; name = InputViewAccessoryCell.m; path = "../../../../../ios/trunk/Devents/Devents/ViewControllers/Stories/Main/pz deprecated Messages/Conversations/input view/mentioned users/InputViewAccessoryCell.m"; sourceTree = "<group>"; };
		3BEBD7732041BCDB00788DD6 /* MessageTextStorage.m */ = {isa = PBXFileReference; fileEncoding = 4; lastKnownFileType = sourcecode.c.objc; name = MessageTextStorage.m; path = "../../../../../ios/trunk/Devents/Devents/ViewControllers/Stories/Main/pz deprecated Messages/Conversations/input view/mentioned users/MessageTextStorage.m"; sourceTree = "<group>"; };
		3BEBD7742041BCDB00788DD6 /* MessageTextStorage.h */ = {isa = PBXFileReference; fileEncoding = 4; lastKnownFileType = sourcecode.c.h; name = MessageTextStorage.h; path = "../../../../../ios/trunk/Devents/Devents/ViewControllers/Stories/Main/pz deprecated Messages/Conversations/input view/mentioned users/MessageTextStorage.h"; sourceTree = "<group>"; };
/* End PBXFileReference section */

/* Begin PBXFrameworksBuildPhase section */
		3B3EC938203ADE54000F6DC9 /* Frameworks */ = {
			isa = PBXFrameworksBuildPhase;
			buildActionMask = 2147483647;
			files = (
			);
			runOnlyForDeploymentPostprocessing = 0;
		};
/* End PBXFrameworksBuildPhase section */

/* Begin PBXGroup section */
		3B3EC932203ADE54000F6DC9 = {
			isa = PBXGroup;
			children = (
				3B3EC93D203ADE54000F6DC9 /* messageTextTest */,
				3B3EC93C203ADE54000F6DC9 /* Products */,
			);
			sourceTree = "<group>";
		};
		3B3EC93C203ADE54000F6DC9 /* Products */ = {
			isa = PBXGroup;
			children = (
				3B3EC93B203ADE54000F6DC9 /* messageTextTest.app */,
			);
			name = Products;
			sourceTree = "<group>";
		};
		3B3EC93D203ADE54000F6DC9 /* messageTextTest */ = {
			isa = PBXGroup;
			children = (
				3BE07146203B5FE300CA7AB9 /* classes */,
				3B3EC93E203ADE54000F6DC9 /* AppDelegate.h */,
				3B3EC93F203ADE54000F6DC9 /* AppDelegate.m */,
				3B3EC941203ADE54000F6DC9 /* ViewController.h */,
				3B3EC942203ADE54000F6DC9 /* ViewController.m */,
				3B3EC944203ADE54000F6DC9 /* Main.storyboard */,
				3B3EC947203ADE54000F6DC9 /* Assets.xcassets */,
				3B3EC949203ADE54000F6DC9 /* LaunchScreen.storyboard */,
				3B3EC94C203ADE54000F6DC9 /* Info.plist */,
				3B3EC94D203ADE54000F6DC9 /* main.m */,
			);
			path = messageTextTest;
			sourceTree = "<group>";
		};
		3BBC7A54203F10B20065146C /* input view */ = {
			isa = PBXGroup;
			children = (
				3BEBD76F2041BCDB00788DD6 /* InputViewAccessoryCell.h */,
				3BEBD7722041BCDB00788DD6 /* InputViewAccessoryCell.m */,
				3BEBD7702041BCDB00788DD6 /* InputViewAccessoryView.h */,
				3BEBD7712041BCDB00788DD6 /* InputViewAccessoryView.m */,
				3BEBD7742041BCDB00788DD6 /* MessageTextStorage.h */,
				3BEBD7732041BCDB00788DD6 /* MessageTextStorage.m */,
			);
			path = "input view";
			sourceTree = "<group>";
		};
		3BE07146203B5FE300CA7AB9 /* classes */ = {
			isa = PBXGroup;
			children = (
				3BB9B60E203D8FD700BA855C /* MentionLabel.h */,
				3BB9B60F203D8FD800BA855C /* MentionLabel.m */,
				3BB9B611203D972400BA855C /* TableViewCell.h */,
				3BB9B612203D972400BA855C /* TableViewCell.m */,
				3BBC7A54203F10B20065146C /* input view */,
			);
			path = classes;
			sourceTree = "<group>";
		};
/* End PBXGroup section */

/* Begin PBXNativeTarget section */
		3B3EC93A203ADE54000F6DC9 /* messageTextTest */ = {
			isa = PBXNativeTarget;
			buildConfigurationList = 3B3EC951203ADE54000F6DC9 /* Build configuration list for PBXNativeTarget "messageTextTest" */;
			buildPhases = (
				3B3EC937203ADE54000F6DC9 /* Sources */,
				3B3EC938203ADE54000F6DC9 /* Frameworks */,
				3B3EC939203ADE54000F6DC9 /* Resources */,
			);
			buildRules = (
			);
			dependencies = (
			);
			name = messageTextTest;
			productName = messageTextTest;
			productReference = 3B3EC93B203ADE54000F6DC9 /* messageTextTest.app */;
			productType = "com.apple.product-type.application";
		};
/* End PBXNativeTarget section */

/* Begin PBXProject section */
		3B3EC933203ADE54000F6DC9 /* Project object */ = {
			isa = PBXProject;
			attributes = {
				LastUpgradeCheck = 0910;
				ORGANIZATIONNAME = "Zinets Victor";
				TargetAttributes = {
					3B3EC93A203ADE54000F6DC9 = {
						CreatedOnToolsVersion = 9.1;
						ProvisioningStyle = Automatic;
					};
				};
			};
			buildConfigurationList = 3B3EC936203ADE54000F6DC9 /* Build configuration list for PBXProject "messageTextTest" */;
			compatibilityVersion = "Xcode 8.0";
			developmentRegion = en;
			hasScannedForEncodings = 0;
			knownRegions = (
				en,
				Base,
			);
			mainGroup = 3B3EC932203ADE54000F6DC9;
			productRefGroup = 3B3EC93C203ADE54000F6DC9 /* Products */;
			projectDirPath = "";
			projectRoot = "";
			targets = (
				3B3EC93A203ADE54000F6DC9 /* messageTextTest */,
			);
		};
/* End PBXProject section */

/* Begin PBXResourcesBuildPhase section */
		3B3EC939203ADE54000F6DC9 /* Resources */ = {
			isa = PBXResourcesBuildPhase;
			buildActionMask = 2147483647;
			files = (
				3B3EC94B203ADE54000F6DC9 /* LaunchScreen.storyboard in Resources */,
				3B3EC948203ADE54000F6DC9 /* Assets.xcassets in Resources */,
				3B3EC946203ADE54000F6DC9 /* Main.storyboard in Resources */,
			);
			runOnlyForDeploymentPostprocessing = 0;
		};
/* End PBXResourcesBuildPhase section */

/* Begin PBXSourcesBuildPhase section */
		3B3EC937203ADE54000F6DC9 /* Sources */ = {
			isa = PBXSourcesBuildPhase;
			buildActionMask = 2147483647;
			files = (
				3B3EC943203ADE54000F6DC9 /* ViewController.m in Sources */,
				3BEBD7752041BCDB00788DD6 /* InputViewAccessoryView.m in Sources */,
				3B3EC94E203ADE54000F6DC9 /* main.m in Sources */,
				3BEBD7762041BCDB00788DD6 /* InputViewAccessoryCell.m in Sources */,
				3B3EC940203ADE54000F6DC9 /* AppDelegate.m in Sources */,
				3BB9B613203D972400BA855C /* TableViewCell.m in Sources */,
				3BEBD7772041BCDB00788DD6 /* MessageTextStorage.m in Sources */,
				3BB9B610203D8FD800BA855C /* MentionLabel.m in Sources */,
			);
			runOnlyForDeploymentPostprocessing = 0;
		};
/* End PBXSourcesBuildPhase section */

/* Begin PBXVariantGroup section */
		3B3EC944203ADE54000F6DC9 /* Main.storyboard */ = {
			isa = PBXVariantGroup;
			children = (
				3B3EC945203ADE54000F6DC9 /* Base */,
			);
			name = Main.storyboard;
			sourceTree = "<group>";
		};
		3B3EC949203ADE54000F6DC9 /* LaunchScreen.storyboard */ = {
			isa = PBXVariantGroup;
			children = (
				3B3EC94A203ADE54000F6DC9 /* Base */,
			);
			name = LaunchScreen.storyboard;
			sourceTree = "<group>";
		};
/* End PBXVariantGroup section */

/* Begin XCBuildConfiguration section */
		3B3EC94F203ADE54000F6DC9 /* Debug */ = {
			isa = XCBuildConfiguration;
			buildSettings = {
				ALWAYS_SEARCH_USER_PATHS = NO;
				CLANG_ANALYZER_NONNULL = YES;
				CLANG_ANALYZER_NUMBER_OBJECT_CONVERSION = YES_AGGRESSIVE;
				CLANG_CXX_LANGUAGE_STANDARD = "gnu++14";
				CLANG_CXX_LIBRARY = "libc++";
				CLANG_ENABLE_MODULES = YES;
				CLANG_ENABLE_OBJC_ARC = YES;
				CLANG_WARN_BLOCK_CAPTURE_AUTORELEASING = YES;
				CLANG_WARN_BOOL_CONVERSION = YES;
				CLANG_WARN_COMMA = YES;
				CLANG_WARN_CONSTANT_CONVERSION = YES;
				CLANG_WARN_DIRECT_OBJC_ISA_USAGE = YES_ERROR;
				CLANG_WARN_DOCUMENTATION_COMMENTS = YES;
				CLANG_WARN_EMPTY_BODY = YES;
				CLANG_WARN_ENUM_CONVERSION = YES;
				CLANG_WARN_INFINITE_RECURSION = YES;
				CLANG_WARN_INT_CONVERSION = YES;
				CLANG_WARN_NON_LITERAL_NULL_CONVERSION = YES;
				CLANG_WARN_OBJC_LITERAL_CONVERSION = YES;
				CLANG_WARN_OBJC_ROOT_CLASS = YES_ERROR;
				CLANG_WARN_RANGE_LOOP_ANALYSIS = YES;
				CLANG_WARN_STRICT_PROTOTYPES = YES;
				CLANG_WARN_SUSPICIOUS_MOVE = YES;
				CLANG_WARN_UNGUARDED_AVAILABILITY = YES_AGGRESSIVE;
				CLANG_WARN_UNREACHABLE_CODE = YES;
				CLANG_WARN__DUPLICATE_METHOD_MATCH = YES;
				CODE_SIGN_IDENTITY = "iPhone Developer";
				COPY_PHASE_STRIP = NO;
				DEBUG_INFORMATION_FORMAT = dwarf;
				ENABLE_STRICT_OBJC_MSGSEND = YES;
				ENABLE_TESTABILITY = YES;
				GCC_C_LANGUAGE_STANDARD = gnu11;
				GCC_DYNAMIC_NO_PIC = NO;
				GCC_NO_COMMON_BLOCKS = YES;
				GCC_OPTIMIZATION_LEVEL = 0;
				GCC_PREPROCESSOR_DEFINITIONS = (
					"DEBUG=1",
					"$(inherited)",
				);
				GCC_WARN_64_TO_32_BIT_CONVERSION = YES;
				GCC_WARN_ABOUT_RETURN_TYPE = YES_ERROR;
				GCC_WARN_UNDECLARED_SELECTOR = YES;
				GCC_WARN_UNINITIALIZED_AUTOS = YES_AGGRESSIVE;
				GCC_WARN_UNUSED_FUNCTION = YES;
				GCC_WARN_UNUSED_VARIABLE = YES;
				IPHONEOS_DEPLOYMENT_TARGET = 11.1;
				MTL_ENABLE_DEBUG_INFO = YES;
				ONLY_ACTIVE_ARCH = YES;
				SDKROOT = iphoneos;
			};
			name = Debug;
		};
		3B3EC950203ADE54000F6DC9 /* Release */ = {
			isa = XCBuildConfiguration;
			buildSettings = {
				ALWAYS_SEARCH_USER_PATHS = NO;
				CLANG_ANALYZER_NONNULL = YES;
				CLANG_ANALYZER_NUMBER_OBJECT_CONVERSION = YES_AGGRESSIVE;
				CLANG_CXX_LANGUAGE_STANDARD = "gnu++14";
				CLANG_CXX_LIBRARY = "libc++";
				CLANG_ENABLE_MODULES = YES;
				CLANG_ENABLE_OBJC_ARC = YES;
				CLANG_WARN_BLOCK_CAPTURE_AUTORELEASING = YES;
				CLANG_WARN_BOOL_CONVERSION = YES;
				CLANG_WARN_COMMA = YES;
				CLANG_WARN_CONSTANT_CONVERSION = YES;
				CLANG_WARN_DIRECT_OBJC_ISA_USAGE = YES_ERROR;
				CLANG_WARN_DOCUMENTATION_COMMENTS = YES;
				CLANG_WARN_EMPTY_BODY = YES;
				CLANG_WARN_ENUM_CONVERSION = YES;
				CLANG_WARN_INFINITE_RECURSION = YES;
				CLANG_WARN_INT_CONVERSION = YES;
				CLANG_WARN_NON_LITERAL_NULL_CONVERSION = YES;
				CLANG_WARN_OBJC_LITERAL_CONVERSION = YES;
				CLANG_WARN_OBJC_ROOT_CLASS = YES_ERROR;
				CLANG_WARN_RANGE_LOOP_ANALYSIS = YES;
				CLANG_WARN_STRICT_PROTOTYPES = YES;
				CLANG_WARN_SUSPICIOUS_MOVE = YES;
				CLANG_WARN_UNGUARDED_AVAILABILITY = YES_AGGRESSIVE;
				CLANG_WARN_UNREACHABLE_CODE = YES;
				CLANG_WARN__DUPLICATE_METHOD_MATCH = YES;
				CODE_SIGN_IDENTITY = "iPhone Developer";
				COPY_PHASE_STRIP = NO;
				DEBUG_INFORMATION_FORMAT = "dwarf-with-dsym";
				ENABLE_NS_ASSERTIONS = NO;
				ENABLE_STRICT_OBJC_MSGSEND = YES;
				GCC_C_LANGUAGE_STANDARD = gnu11;
				GCC_NO_COMMON_BLOCKS = YES;
				GCC_WARN_64_TO_32_BIT_CONVERSION = YES;
				GCC_WARN_ABOUT_RETURN_TYPE = YES_ERROR;
				GCC_WARN_UNDECLARED_SELECTOR = YES;
				GCC_WARN_UNINITIALIZED_AUTOS = YES_AGGRESSIVE;
				GCC_WARN_UNUSED_FUNCTION = YES;
				GCC_WARN_UNUSED_VARIABLE = YES;
				IPHONEOS_DEPLOYMENT_TARGET = 11.1;
				MTL_ENABLE_DEBUG_INFO = NO;
				SDKROOT = iphoneos;
				VALIDATE_PRODUCT = YES;
			};
			name = Release;
		};
		3B3EC952203ADE54000F6DC9 /* Debug */ = {
			isa = XCBuildConfiguration;
			buildSettings = {
				ASSETCATALOG_COMPILER_APPICON_NAME = AppIcon;
				CODE_SIGN_STYLE = Automatic;
				DEVELOPMENT_TEAM = L879VUX8U4;
				INFOPLIST_FILE = messageTextTest/Info.plist;
				LD_RUNPATH_SEARCH_PATHS = "$(inherited) @executable_path/Frameworks";
				PRODUCT_BUNDLE_IDENTIFIER = zinets.messageTextTest;
				PRODUCT_NAME = "$(TARGET_NAME)";
				TARGETED_DEVICE_FAMILY = "1,2";
			};
			name = Debug;
		};
		3B3EC953203ADE54000F6DC9 /* Release */ = {
			isa = XCBuildConfiguration;
			buildSettings = {
				ASSETCATALOG_COMPILER_APPICON_NAME = AppIcon;
				CODE_SIGN_STYLE = Automatic;
				DEVELOPMENT_TEAM = L879VUX8U4;
				INFOPLIST_FILE = messageTextTest/Info.plist;
				LD_RUNPATH_SEARCH_PATHS = "$(inherited) @executable_path/Frameworks";
				PRODUCT_BUNDLE_IDENTIFIER = zinets.messageTextTest;
				PRODUCT_NAME = "$(TARGET_NAME)";
				TARGETED_DEVICE_FAMILY = "1,2";
			};
			name = Release;
		};
/* End XCBuildConfiguration section */

/* Begin XCConfigurationList section */
		3B3EC936203ADE54000F6DC9 /* Build configuration list for PBXProject "messageTextTest" */ = {
			isa = XCConfigurationList;
			buildConfigurations = (
				3B3EC94F203ADE54000F6DC9 /* Debug */,
				3B3EC950203ADE54000F6DC9 /* Release */,
			);
			defaultConfigurationIsVisible = 0;
			defaultConfigurationName = Release;
		};
		3B3EC951203ADE54000F6DC9 /* Build configuration list for PBXNativeTarget "messageTextTest" */ = {
			isa = XCConfigurationList;
			buildConfigurations = (
				3B3EC952203ADE54000F6DC9 /* Debug */,
				3B3EC953203ADE54000F6DC9 /* Release */,
			);
			defaultConfigurationIsVisible = 0;
			defaultConfigurationName = Release;
		};
/* End XCConfigurationList section */
	};
	rootObject = 3B3EC933203ADE54000F6DC9 /* Project object */;
}
