// !$*UTF8*$!
{
	archiveVersion = 1;
	classes = {
	};
	objectVersion = 46;
	objects = {

/* Begin PBXBuildFile section */
		3B48050E1DBA122400E741A7 /* main.m in Sources */ = {isa = PBXBuildFile; fileRef = 3B48050D1DBA122400E741A7 /* main.m */; };
		3B4805111DBA122400E741A7 /* AppDelegate.m in Sources */ = {isa = PBXBuildFile; fileRef = 3B4805101DBA122400E741A7 /* AppDelegate.m */; };
		3B4805141DBA122500E741A7 /* ViewController.m in Sources */ = {isa = PBXBuildFile; fileRef = 3B4805131DBA122400E741A7 /* ViewController.m */; };
		3B4805171DBA122500E741A7 /* Main.storyboard in Resources */ = {isa = PBXBuildFile; fileRef = 3B4805151DBA122500E741A7 /* Main.storyboard */; };
		3B4805191DBA122500E741A7 /* Assets.xcassets in Resources */ = {isa = PBXBuildFile; fileRef = 3B4805181DBA122500E741A7 /* Assets.xcassets */; };
		3B48051C1DBA122500E741A7 /* LaunchScreen.storyboard in Resources */ = {isa = PBXBuildFile; fileRef = 3B48051A1DBA122500E741A7 /* LaunchScreen.storyboard */; };
		3B4805261DBA126D00E741A7 /* NavViewController.m in Sources */ = {isa = PBXBuildFile; fileRef = 3B4805251DBA126D00E741A7 /* NavViewController.m */; };
		3B4805291DBA12B700E741A7 /* MenuController.m in Sources */ = {isa = PBXBuildFile; fileRef = 3B4805281DBA12B700E741A7 /* MenuController.m */; };
		3B4805381DBA515000E741A7 /* ViewController1.m in Sources */ = {isa = PBXBuildFile; fileRef = 3B4805371DBA515000E741A7 /* ViewController1.m */; };
		3B48053B1DBE08ED00E741A7 /* ViewController2.m in Sources */ = {isa = PBXBuildFile; fileRef = 3B48053A1DBE08ED00E741A7 /* ViewController2.m */; };
		3B48053E1DBE1A4E00E741A7 /* BaseController.m in Sources */ = {isa = PBXBuildFile; fileRef = 3B48053D1DBE1A4E00E741A7 /* BaseController.m */; };
		3B4805421DBE298200E741A7 /* AnimationManager.m in Sources */ = {isa = PBXBuildFile; fileRef = 3B4805411DBE298200E741A7 /* AnimationManager.m */; };
		3B4805531DBE3BBA00E741A7 /* ControllerFactory.m in Sources */ = {isa = PBXBuildFile; fileRef = 3B4805521DBE3BBA00E741A7 /* ControllerFactory.m */; };
		3B4805561DBE478900E741A7 /* PushTransitionAnimator.m in Sources */ = {isa = PBXBuildFile; fileRef = 3B4805551DBE478900E741A7 /* PushTransitionAnimator.m */; };
		3B4805601DBF38AA00E741A7 /* TransitionAnimator.m in Sources */ = {isa = PBXBuildFile; fileRef = 3B48055F1DBF38AA00E741A7 /* TransitionAnimator.m */; };
		3B4805631DBF3B6D00E741A7 /* UpDownTransitionAnimator.m in Sources */ = {isa = PBXBuildFile; fileRef = 3B4805621DBF3B6D00E741A7 /* UpDownTransitionAnimator.m */; };
/* End PBXBuildFile section */

/* Begin PBXFileReference section */
		3B4805091DBA122400E741A7 /* testNav.app */ = {isa = PBXFileReference; explicitFileType = wrapper.application; includeInIndex = 0; path = testNav.app; sourceTree = BUILT_PRODUCTS_DIR; };
		3B48050D1DBA122400E741A7 /* main.m */ = {isa = PBXFileReference; lastKnownFileType = sourcecode.c.objc; path = main.m; sourceTree = "<group>"; };
		3B48050F1DBA122400E741A7 /* AppDelegate.h */ = {isa = PBXFileReference; lastKnownFileType = sourcecode.c.h; path = AppDelegate.h; sourceTree = "<group>"; };
		3B4805101DBA122400E741A7 /* AppDelegate.m */ = {isa = PBXFileReference; lastKnownFileType = sourcecode.c.objc; path = AppDelegate.m; sourceTree = "<group>"; };
		3B4805121DBA122400E741A7 /* ViewController.h */ = {isa = PBXFileReference; lastKnownFileType = sourcecode.c.h; path = ViewController.h; sourceTree = "<group>"; };
		3B4805131DBA122400E741A7 /* ViewController.m */ = {isa = PBXFileReference; lastKnownFileType = sourcecode.c.objc; path = ViewController.m; sourceTree = "<group>"; };
		3B4805161DBA122500E741A7 /* Base */ = {isa = PBXFileReference; lastKnownFileType = file.storyboard; name = Base; path = Base.lproj/Main.storyboard; sourceTree = "<group>"; };
		3B4805181DBA122500E741A7 /* Assets.xcassets */ = {isa = PBXFileReference; lastKnownFileType = folder.assetcatalog; path = Assets.xcassets; sourceTree = "<group>"; };
		3B48051B1DBA122500E741A7 /* Base */ = {isa = PBXFileReference; lastKnownFileType = file.storyboard; name = Base; path = Base.lproj/LaunchScreen.storyboard; sourceTree = "<group>"; };
		3B48051D1DBA122500E741A7 /* Info.plist */ = {isa = PBXFileReference; lastKnownFileType = text.plist.xml; path = Info.plist; sourceTree = "<group>"; };
		3B4805241DBA126D00E741A7 /* NavViewController.h */ = {isa = PBXFileReference; fileEncoding = 4; lastKnownFileType = sourcecode.c.h; path = NavViewController.h; sourceTree = "<group>"; };
		3B4805251DBA126D00E741A7 /* NavViewController.m */ = {isa = PBXFileReference; fileEncoding = 4; lastKnownFileType = sourcecode.c.objc; path = NavViewController.m; sourceTree = "<group>"; };
		3B4805271DBA12B700E741A7 /* MenuController.h */ = {isa = PBXFileReference; fileEncoding = 4; lastKnownFileType = sourcecode.c.h; path = MenuController.h; sourceTree = "<group>"; };
		3B4805281DBA12B700E741A7 /* MenuController.m */ = {isa = PBXFileReference; fileEncoding = 4; lastKnownFileType = sourcecode.c.objc; path = MenuController.m; sourceTree = "<group>"; };
		3B4805361DBA515000E741A7 /* ViewController1.h */ = {isa = PBXFileReference; fileEncoding = 4; lastKnownFileType = sourcecode.c.h; path = ViewController1.h; sourceTree = "<group>"; };
		3B4805371DBA515000E741A7 /* ViewController1.m */ = {isa = PBXFileReference; fileEncoding = 4; lastKnownFileType = sourcecode.c.objc; path = ViewController1.m; sourceTree = "<group>"; };
		3B4805391DBE08ED00E741A7 /* ViewController2.h */ = {isa = PBXFileReference; fileEncoding = 4; lastKnownFileType = sourcecode.c.h; path = ViewController2.h; sourceTree = "<group>"; };
		3B48053A1DBE08ED00E741A7 /* ViewController2.m */ = {isa = PBXFileReference; fileEncoding = 4; lastKnownFileType = sourcecode.c.objc; path = ViewController2.m; sourceTree = "<group>"; };
		3B48053C1DBE1A4E00E741A7 /* BaseController.h */ = {isa = PBXFileReference; fileEncoding = 4; lastKnownFileType = sourcecode.c.h; path = BaseController.h; sourceTree = "<group>"; };
		3B48053D1DBE1A4E00E741A7 /* BaseController.m */ = {isa = PBXFileReference; fileEncoding = 4; lastKnownFileType = sourcecode.c.objc; path = BaseController.m; sourceTree = "<group>"; };
		3B4805401DBE298200E741A7 /* AnimationManager.h */ = {isa = PBXFileReference; fileEncoding = 4; lastKnownFileType = sourcecode.c.h; path = AnimationManager.h; sourceTree = "<group>"; };
		3B4805411DBE298200E741A7 /* AnimationManager.m */ = {isa = PBXFileReference; fileEncoding = 4; lastKnownFileType = sourcecode.c.objc; path = AnimationManager.m; sourceTree = "<group>"; };
		3B4805511DBE3BBA00E741A7 /* ControllerFactory.h */ = {isa = PBXFileReference; fileEncoding = 4; lastKnownFileType = sourcecode.c.h; path = ControllerFactory.h; sourceTree = "<group>"; };
		3B4805521DBE3BBA00E741A7 /* ControllerFactory.m */ = {isa = PBXFileReference; fileEncoding = 4; lastKnownFileType = sourcecode.c.objc; path = ControllerFactory.m; sourceTree = "<group>"; };
		3B4805541DBE478900E741A7 /* PushTransitionAnimator.h */ = {isa = PBXFileReference; fileEncoding = 4; lastKnownFileType = sourcecode.c.h; path = PushTransitionAnimator.h; sourceTree = "<group>"; };
		3B4805551DBE478900E741A7 /* PushTransitionAnimator.m */ = {isa = PBXFileReference; fileEncoding = 4; lastKnownFileType = sourcecode.c.objc; path = PushTransitionAnimator.m; sourceTree = "<group>"; };
		3B48055E1DBF38AA00E741A7 /* TransitionAnimator.h */ = {isa = PBXFileReference; fileEncoding = 4; lastKnownFileType = sourcecode.c.h; path = TransitionAnimator.h; sourceTree = "<group>"; };
		3B48055F1DBF38AA00E741A7 /* TransitionAnimator.m */ = {isa = PBXFileReference; fileEncoding = 4; lastKnownFileType = sourcecode.c.objc; path = TransitionAnimator.m; sourceTree = "<group>"; };
		3B4805611DBF3B6D00E741A7 /* UpDownTransitionAnimator.h */ = {isa = PBXFileReference; fileEncoding = 4; lastKnownFileType = sourcecode.c.h; path = UpDownTransitionAnimator.h; sourceTree = "<group>"; };
		3B4805621DBF3B6D00E741A7 /* UpDownTransitionAnimator.m */ = {isa = PBXFileReference; fileEncoding = 4; lastKnownFileType = sourcecode.c.objc; path = UpDownTransitionAnimator.m; sourceTree = "<group>"; };
		3B4805641DBF46FF00E741A7 /* defines.h */ = {isa = PBXFileReference; lastKnownFileType = sourcecode.c.h; path = defines.h; sourceTree = "<group>"; };
/* End PBXFileReference section */

/* Begin PBXFrameworksBuildPhase section */
		3B4805061DBA122400E741A7 /* Frameworks */ = {
			isa = PBXFrameworksBuildPhase;
			buildActionMask = 2147483647;
			files = (
			);
			runOnlyForDeploymentPostprocessing = 0;
		};
/* End PBXFrameworksBuildPhase section */

/* Begin PBXGroup section */
		3B4805001DBA122400E741A7 = {
			isa = PBXGroup;
			children = (
				3B4805641DBF46FF00E741A7 /* defines.h */,
				3B48050B1DBA122400E741A7 /* testNav */,
				3B48050A1DBA122400E741A7 /* Products */,
			);
			sourceTree = "<group>";
		};
		3B48050A1DBA122400E741A7 /* Products */ = {
			isa = PBXGroup;
			children = (
				3B4805091DBA122400E741A7 /* testNav.app */,
			);
			name = Products;
			sourceTree = "<group>";
		};
		3B48050B1DBA122400E741A7 /* testNav */ = {
			isa = PBXGroup;
			children = (
				3B4805231DBA124C00E741A7 /* classes */,
				3B48050C1DBA122400E741A7 /* Supporting Files */,
			);
			path = testNav;
			sourceTree = "<group>";
		};
		3B48050C1DBA122400E741A7 /* Supporting Files */ = {
			isa = PBXGroup;
			children = (
				3B4805121DBA122400E741A7 /* ViewController.h */,
				3B4805131DBA122400E741A7 /* ViewController.m */,
				3B48050F1DBA122400E741A7 /* AppDelegate.h */,
				3B4805101DBA122400E741A7 /* AppDelegate.m */,
				3B4805151DBA122500E741A7 /* Main.storyboard */,
				3B4805181DBA122500E741A7 /* Assets.xcassets */,
				3B48051A1DBA122500E741A7 /* LaunchScreen.storyboard */,
				3B48051D1DBA122500E741A7 /* Info.plist */,
				3B48050D1DBA122400E741A7 /* main.m */,
			);
			name = "Supporting Files";
			sourceTree = "<group>";
		};
		3B4805231DBA124C00E741A7 /* classes */ = {
			isa = PBXGroup;
			children = (
				3B48053F1DBE295B00E741A7 /* animators */,
				3B4805351DBA512700E741A7 /* controllers */,
				3B48052A1DBA143200E741A7 /* menu */,
				3B4805241DBA126D00E741A7 /* NavViewController.h */,
				3B4805251DBA126D00E741A7 /* NavViewController.m */,
			);
			name = classes;
			sourceTree = "<group>";
		};
		3B48052A1DBA143200E741A7 /* menu */ = {
			isa = PBXGroup;
			children = (
				3B4805271DBA12B700E741A7 /* MenuController.h */,
				3B4805281DBA12B700E741A7 /* MenuController.m */,
			);
			name = menu;
			sourceTree = "<group>";
		};
		3B4805351DBA512700E741A7 /* controllers */ = {
			isa = PBXGroup;
			children = (
				3B4805511DBE3BBA00E741A7 /* ControllerFactory.h */,
				3B4805521DBE3BBA00E741A7 /* ControllerFactory.m */,
				3B4805361DBA515000E741A7 /* ViewController1.h */,
				3B4805371DBA515000E741A7 /* ViewController1.m */,
				3B4805391DBE08ED00E741A7 /* ViewController2.h */,
				3B48053A1DBE08ED00E741A7 /* ViewController2.m */,
				3B48053C1DBE1A4E00E741A7 /* BaseController.h */,
				3B48053D1DBE1A4E00E741A7 /* BaseController.m */,
			);
			name = controllers;
			sourceTree = "<group>";
		};
		3B48053F1DBE295B00E741A7 /* animators */ = {
			isa = PBXGroup;
			children = (
				3B4805401DBE298200E741A7 /* AnimationManager.h */,
				3B4805411DBE298200E741A7 /* AnimationManager.m */,
				3B48055E1DBF38AA00E741A7 /* TransitionAnimator.h */,
				3B48055F1DBF38AA00E741A7 /* TransitionAnimator.m */,
				3B4805541DBE478900E741A7 /* PushTransitionAnimator.h */,
				3B4805551DBE478900E741A7 /* PushTransitionAnimator.m */,
				3B4805611DBF3B6D00E741A7 /* UpDownTransitionAnimator.h */,
				3B4805621DBF3B6D00E741A7 /* UpDownTransitionAnimator.m */,
			);
			name = animators;
			sourceTree = "<group>";
		};
/* End PBXGroup section */

/* Begin PBXNativeTarget section */
		3B4805081DBA122400E741A7 /* testNav */ = {
			isa = PBXNativeTarget;
			buildConfigurationList = 3B4805201DBA122500E741A7 /* Build configuration list for PBXNativeTarget "testNav" */;
			buildPhases = (
				3B4805051DBA122400E741A7 /* Sources */,
				3B4805061DBA122400E741A7 /* Frameworks */,
				3B4805071DBA122400E741A7 /* Resources */,
			);
			buildRules = (
			);
			dependencies = (
			);
			name = testNav;
			productName = testNav;
			productReference = 3B4805091DBA122400E741A7 /* testNav.app */;
			productType = "com.apple.product-type.application";
		};
/* End PBXNativeTarget section */

/* Begin PBXProject section */
		3B4805011DBA122400E741A7 /* Project object */ = {
			isa = PBXProject;
			attributes = {
				LastUpgradeCheck = 0800;
				ORGANIZATIONNAME = "Zinets Victor";
				TargetAttributes = {
					3B4805081DBA122400E741A7 = {
						CreatedOnToolsVersion = 8.0;
						DevelopmentTeam = GA7JUF7GUE;
						ProvisioningStyle = Automatic;
					};
				};
			};
			buildConfigurationList = 3B4805041DBA122400E741A7 /* Build configuration list for PBXProject "testNav" */;
			compatibilityVersion = "Xcode 3.2";
			developmentRegion = English;
			hasScannedForEncodings = 0;
			knownRegions = (
				en,
				Base,
			);
			mainGroup = 3B4805001DBA122400E741A7;
			productRefGroup = 3B48050A1DBA122400E741A7 /* Products */;
			projectDirPath = "";
			projectRoot = "";
			targets = (
				3B4805081DBA122400E741A7 /* testNav */,
			);
		};
/* End PBXProject section */

/* Begin PBXResourcesBuildPhase section */
		3B4805071DBA122400E741A7 /* Resources */ = {
			isa = PBXResourcesBuildPhase;
			buildActionMask = 2147483647;
			files = (
				3B48051C1DBA122500E741A7 /* LaunchScreen.storyboard in Resources */,
				3B4805191DBA122500E741A7 /* Assets.xcassets in Resources */,
				3B4805171DBA122500E741A7 /* Main.storyboard in Resources */,
			);
			runOnlyForDeploymentPostprocessing = 0;
		};
/* End PBXResourcesBuildPhase section */

/* Begin PBXSourcesBuildPhase section */
		3B4805051DBA122400E741A7 /* Sources */ = {
			isa = PBXSourcesBuildPhase;
			buildActionMask = 2147483647;
			files = (
				3B48053B1DBE08ED00E741A7 /* ViewController2.m in Sources */,
				3B4805601DBF38AA00E741A7 /* TransitionAnimator.m in Sources */,
				3B4805421DBE298200E741A7 /* AnimationManager.m in Sources */,
				3B4805141DBA122500E741A7 /* ViewController.m in Sources */,
				3B48053E1DBE1A4E00E741A7 /* BaseController.m in Sources */,
				3B4805531DBE3BBA00E741A7 /* ControllerFactory.m in Sources */,
				3B4805111DBA122400E741A7 /* AppDelegate.m in Sources */,
				3B4805381DBA515000E741A7 /* ViewController1.m in Sources */,
				3B4805631DBF3B6D00E741A7 /* UpDownTransitionAnimator.m in Sources */,
				3B4805291DBA12B700E741A7 /* MenuController.m in Sources */,
				3B4805261DBA126D00E741A7 /* NavViewController.m in Sources */,
				3B4805561DBE478900E741A7 /* PushTransitionAnimator.m in Sources */,
				3B48050E1DBA122400E741A7 /* main.m in Sources */,
			);
			runOnlyForDeploymentPostprocessing = 0;
		};
/* End PBXSourcesBuildPhase section */

/* Begin PBXVariantGroup section */
		3B4805151DBA122500E741A7 /* Main.storyboard */ = {
			isa = PBXVariantGroup;
			children = (
				3B4805161DBA122500E741A7 /* Base */,
			);
			name = Main.storyboard;
			sourceTree = "<group>";
		};
		3B48051A1DBA122500E741A7 /* LaunchScreen.storyboard */ = {
			isa = PBXVariantGroup;
			children = (
				3B48051B1DBA122500E741A7 /* Base */,
			);
			name = LaunchScreen.storyboard;
			sourceTree = "<group>";
		};
/* End PBXVariantGroup section */

/* Begin XCBuildConfiguration section */
		3B48051E1DBA122500E741A7 /* Debug */ = {
			isa = XCBuildConfiguration;
			buildSettings = {
				ALWAYS_SEARCH_USER_PATHS = NO;
				CLANG_ANALYZER_NONNULL = YES;
				CLANG_CXX_LANGUAGE_STANDARD = "gnu++0x";
				CLANG_CXX_LIBRARY = "libc++";
				CLANG_ENABLE_MODULES = YES;
				CLANG_ENABLE_OBJC_ARC = YES;
				CLANG_WARN_BOOL_CONVERSION = YES;
				CLANG_WARN_CONSTANT_CONVERSION = YES;
				CLANG_WARN_DIRECT_OBJC_ISA_USAGE = YES_ERROR;
				CLANG_WARN_DOCUMENTATION_COMMENTS = YES;
				CLANG_WARN_EMPTY_BODY = YES;
				CLANG_WARN_ENUM_CONVERSION = YES;
				CLANG_WARN_INFINITE_RECURSION = YES;
				CLANG_WARN_INT_CONVERSION = YES;
				CLANG_WARN_OBJC_ROOT_CLASS = YES_ERROR;
				CLANG_WARN_SUSPICIOUS_MOVES = YES;
				CLANG_WARN_UNREACHABLE_CODE = YES;
				CLANG_WARN__DUPLICATE_METHOD_MATCH = YES;
				"CODE_SIGN_IDENTITY[sdk=iphoneos*]" = "iPhone Developer";
				COPY_PHASE_STRIP = NO;
				DEBUG_INFORMATION_FORMAT = dwarf;
				ENABLE_STRICT_OBJC_MSGSEND = YES;
				ENABLE_TESTABILITY = YES;
				GCC_C_LANGUAGE_STANDARD = gnu99;
				GCC_DYNAMIC_NO_PIC = NO;
				GCC_NO_COMMON_BLOCKS = YES;
				GCC_OPTIMIZATION_LEVEL = 0;
				GCC_PREPROCESSOR_DEFINITIONS = (
					"DEBUG=1",
					"$(inherited)",
				);
				GCC_WARN_64_TO_32_BIT_CONVERSION = YES;
				GCC_WARN_ABOUT_RETURN_TYPE = YES_ERROR;
				GCC_WARN_UNDECLARED_SELECTOR = YES;
				GCC_WARN_UNINITIALIZED_AUTOS = YES_AGGRESSIVE;
				GCC_WARN_UNUSED_FUNCTION = YES;
				GCC_WARN_UNUSED_VARIABLE = YES;
				IPHONEOS_DEPLOYMENT_TARGET = 10.0;
				MTL_ENABLE_DEBUG_INFO = YES;
				ONLY_ACTIVE_ARCH = YES;
				SDKROOT = iphoneos;
			};
			name = Debug;
		};
		3B48051F1DBA122500E741A7 /* Release */ = {
			isa = XCBuildConfiguration;
			buildSettings = {
				ALWAYS_SEARCH_USER_PATHS = NO;
				CLANG_ANALYZER_NONNULL = YES;
				CLANG_CXX_LANGUAGE_STANDARD = "gnu++0x";
				CLANG_CXX_LIBRARY = "libc++";
				CLANG_ENABLE_MODULES = YES;
				CLANG_ENABLE_OBJC_ARC = YES;
				CLANG_WARN_BOOL_CONVERSION = YES;
				CLANG_WARN_CONSTANT_CONVERSION = YES;
				CLANG_WARN_DIRECT_OBJC_ISA_USAGE = YES_ERROR;
				CLANG_WARN_DOCUMENTATION_COMMENTS = YES;
				CLANG_WARN_EMPTY_BODY = YES;
				CLANG_WARN_ENUM_CONVERSION = YES;
				CLANG_WARN_INFINITE_RECURSION = YES;
				CLANG_WARN_INT_CONVERSION = YES;
				CLANG_WARN_OBJC_ROOT_CLASS = YES_ERROR;
				CLANG_WARN_SUSPICIOUS_MOVES = YES;
				CLANG_WARN_UNREACHABLE_CODE = YES;
				CLANG_WARN__DUPLICATE_METHOD_MATCH = YES;
				"CODE_SIGN_IDENTITY[sdk=iphoneos*]" = "iPhone Developer";
				COPY_PHASE_STRIP = NO;
				DEBUG_INFORMATION_FORMAT = "dwarf-with-dsym";
				ENABLE_NS_ASSERTIONS = NO;
				ENABLE_STRICT_OBJC_MSGSEND = YES;
				GCC_C_LANGUAGE_STANDARD = gnu99;
				GCC_NO_COMMON_BLOCKS = YES;
				GCC_WARN_64_TO_32_BIT_CONVERSION = YES;
				GCC_WARN_ABOUT_RETURN_TYPE = YES_ERROR;
				GCC_WARN_UNDECLARED_SELECTOR = YES;
				GCC_WARN_UNINITIALIZED_AUTOS = YES_AGGRESSIVE;
				GCC_WARN_UNUSED_FUNCTION = YES;
				GCC_WARN_UNUSED_VARIABLE = YES;
				IPHONEOS_DEPLOYMENT_TARGET = 10.0;
				MTL_ENABLE_DEBUG_INFO = NO;
				SDKROOT = iphoneos;
				VALIDATE_PRODUCT = YES;
			};
			name = Release;
		};
		3B4805211DBA122500E741A7 /* Debug */ = {
			isa = XCBuildConfiguration;
			buildSettings = {
				ASSETCATALOG_COMPILER_APPICON_NAME = AppIcon;
				DEVELOPMENT_TEAM = GA7JUF7GUE;
				INFOPLIST_FILE = testNav/Info.plist;
				IPHONEOS_DEPLOYMENT_TARGET = 8.0;
				LD_RUNPATH_SEARCH_PATHS = "$(inherited) @executable_path/Frameworks";
				PRODUCT_BUNDLE_IDENTIFIER = zinets.victor.testNav;
				PRODUCT_NAME = "$(TARGET_NAME)";
			};
			name = Debug;
		};
		3B4805221DBA122500E741A7 /* Release */ = {
			isa = XCBuildConfiguration;
			buildSettings = {
				ASSETCATALOG_COMPILER_APPICON_NAME = AppIcon;
				DEVELOPMENT_TEAM = GA7JUF7GUE;
				INFOPLIST_FILE = testNav/Info.plist;
				IPHONEOS_DEPLOYMENT_TARGET = 8.0;
				LD_RUNPATH_SEARCH_PATHS = "$(inherited) @executable_path/Frameworks";
				PRODUCT_BUNDLE_IDENTIFIER = zinets.victor.testNav;
				PRODUCT_NAME = "$(TARGET_NAME)";
			};
			name = Release;
		};
/* End XCBuildConfiguration section */

/* Begin XCConfigurationList section */
		3B4805041DBA122400E741A7 /* Build configuration list for PBXProject "testNav" */ = {
			isa = XCConfigurationList;
			buildConfigurations = (
				3B48051E1DBA122500E741A7 /* Debug */,
				3B48051F1DBA122500E741A7 /* Release */,
			);
			defaultConfigurationIsVisible = 0;
			defaultConfigurationName = Release;
		};
		3B4805201DBA122500E741A7 /* Build configuration list for PBXNativeTarget "testNav" */ = {
			isa = XCConfigurationList;
			buildConfigurations = (
				3B4805211DBA122500E741A7 /* Debug */,
				3B4805221DBA122500E741A7 /* Release */,
			);
			defaultConfigurationIsVisible = 0;
			defaultConfigurationName = Release;
		};
/* End XCConfigurationList section */
	};
	rootObject = 3B4805011DBA122400E741A7 /* Project object */;
}
