// !$*UTF8*$!
{
	archiveVersion = 1;
	classes = {
	};
	objectVersion = 50;
	objects = {

/* Begin PBXBuildFile section */
		417562B1111CCE6798019741 /* UIColor+MUIColor.m in Sources */ = {isa = PBXBuildFile; fileRef = 417569EB2FF46A7295BC695F /* UIColor+MUIColor.m */; };
		417566008D5CF8638BD5C550 /* PagerItem.m in Sources */ = {isa = PBXBuildFile; fileRef = 4175659708695251156C11A8 /* PagerItem.m */; };
		41756A09BF9083DC5BE42A15 /* PagerAnimatedPage.m in Sources */ = {isa = PBXBuildFile; fileRef = 41756679E476B01B1F4CB984 /* PagerAnimatedPage.m */; };
		41756D78FBBDC7D946BD67FA /* HorizontalPageIndicator.m in Sources */ = {isa = PBXBuildFile; fileRef = 41756D5AB13BFFB4FF2AC8B7 /* HorizontalPageIndicator.m */; };
		41756E5A5DF38E77C9188344 /* PagerWithAnimatedPages.m in Sources */ = {isa = PBXBuildFile; fileRef = 41756EA9DF2340CD3DF2257D /* PagerWithAnimatedPages.m */; };
		496155D02096DA2200223281 /* Media.xcassets in Resources */ = {isa = PBXBuildFile; fileRef = 496155CF2096DA2200223281 /* Media.xcassets */; };
		49A09E112099E59000B69A9B /* PagerPageLikePower.xib in Resources */ = {isa = PBXBuildFile; fileRef = 49A09E102099E59000B69A9B /* PagerPageLikePower.xib */; };
		49C81B542093435F00865FC5 /* AppDelegate.m in Sources */ = {isa = PBXBuildFile; fileRef = 49C81B532093435F00865FC5 /* AppDelegate.m */; };
		49C81B572093435F00865FC5 /* ViewController.m in Sources */ = {isa = PBXBuildFile; fileRef = 49C81B562093435F00865FC5 /* ViewController.m */; };
		49C81B5A2093435F00865FC5 /* Main.storyboard in Resources */ = {isa = PBXBuildFile; fileRef = 49C81B582093435F00865FC5 /* Main.storyboard */; };
		49C81B5C2093436000865FC5 /* Assets.xcassets in Resources */ = {isa = PBXBuildFile; fileRef = 49C81B5B2093436000865FC5 /* Assets.xcassets */; };
		49C81B5F2093436000865FC5 /* LaunchScreen.storyboard in Resources */ = {isa = PBXBuildFile; fileRef = 49C81B5D2093436000865FC5 /* LaunchScreen.storyboard */; };
		49C81B622093436000865FC5 /* main.m in Sources */ = {isa = PBXBuildFile; fileRef = 49C81B612093436000865FC5 /* main.m */; };
		49C81B70209345B800865FC5 /* RMCachingNibLoader.m in Sources */ = {isa = PBXBuildFile; fileRef = 49C81B6B209345B800865FC5 /* RMCachingNibLoader.m */; };
		49C81B71209345B800865FC5 /* RMNibLoadedView.m in Sources */ = {isa = PBXBuildFile; fileRef = 49C81B6D209345B800865FC5 /* RMNibLoadedView.m */; };
		49C81B72209345B800865FC5 /* RMNibLoader.m in Sources */ = {isa = PBXBuildFile; fileRef = 49C81B6F209345B800865FC5 /* RMNibLoader.m */; };
		49DB1439209A0DA800FAC940 /* PagerPageProfiles.xib in Resources */ = {isa = PBXBuildFile; fileRef = 49DB1438209A0DA800FAC940 /* PagerPageProfiles.xib */; };
		49DB143B209A12D400FAC940 /* PagerPageMessages.xib in Resources */ = {isa = PBXBuildFile; fileRef = 49DB143A209A12D400FAC940 /* PagerPageMessages.xib */; };
		49DB143D209A13D800FAC940 /* PagerPageLikes.xib in Resources */ = {isa = PBXBuildFile; fileRef = 49DB143C209A13D800FAC940 /* PagerPageLikes.xib */; };
		49F94E8D209AF2C400571679 /* PagerPageSafety.xib in Resources */ = {isa = PBXBuildFile; fileRef = 49F94E8C209AF2C400571679 /* PagerPageSafety.xib */; };
		49F94E91209AF9A000571679 /* PackagesContainer.m in Sources */ = {isa = PBXBuildFile; fileRef = 49F94E90209AF9A000571679 /* PackagesContainer.m */; };
		49F94E95209AFAE400571679 /* PackageCell.m in Sources */ = {isa = PBXBuildFile; fileRef = 49F94E93209AFAE400571679 /* PackageCell.m */; };
		49F94E96209AFAE400571679 /* PackageCell.xib in Resources */ = {isa = PBXBuildFile; fileRef = 49F94E94209AFAE400571679 /* PackageCell.xib */; };
		49F94E9B209B01FD00571679 /* PackagesContainerLayout.m in Sources */ = {isa = PBXBuildFile; fileRef = 49F94E9A209B01FD00571679 /* PackagesContainerLayout.m */; };
/* End PBXBuildFile section */

/* Begin PBXFileReference section */
		41756156ACC2DD1860BB22C0 /* PagerWithAnimatedPages.h */ = {isa = PBXFileReference; fileEncoding = 4; lastKnownFileType = sourcecode.c.h; path = PagerWithAnimatedPages.h; sourceTree = "<group>"; };
		417561FED606A7D6AAD0BDF5 /* HorizontalPageIndicator.h */ = {isa = PBXFileReference; fileEncoding = 4; lastKnownFileType = sourcecode.c.h; name = HorizontalPageIndicator.h; path = ../../../../ios_tn/trunk/MUIControls/MUIControls/Classes/HorizontalPageIndicator.h; sourceTree = "<group>"; };
		41756237B9E9E5A7C3F2080A /* PagerItem.h */ = {isa = PBXFileReference; fileEncoding = 4; lastKnownFileType = sourcecode.c.h; name = PagerItem.h; path = "pagerWithAnimations/classes/flirt classes/PagerItem.h"; sourceTree = SOURCE_ROOT; };
		4175659708695251156C11A8 /* PagerItem.m */ = {isa = PBXFileReference; fileEncoding = 4; lastKnownFileType = sourcecode.c.objc; name = PagerItem.m; path = "pagerWithAnimations/classes/flirt classes/PagerItem.m"; sourceTree = SOURCE_ROOT; };
		41756679E476B01B1F4CB984 /* PagerAnimatedPage.m */ = {isa = PBXFileReference; fileEncoding = 4; lastKnownFileType = sourcecode.c.objc; path = PagerAnimatedPage.m; sourceTree = "<group>"; };
		4175668106A63EFE2BD438CE /* UIColor+MUIColor.h */ = {isa = PBXFileReference; fileEncoding = 4; lastKnownFileType = sourcecode.c.h; path = "UIColor+MUIColor.h"; sourceTree = "<group>"; };
		417568ED6B687C7EA7DA88D2 /* PagerAnimatedPage.h */ = {isa = PBXFileReference; fileEncoding = 4; lastKnownFileType = sourcecode.c.h; path = PagerAnimatedPage.h; sourceTree = "<group>"; };
		417569EB2FF46A7295BC695F /* UIColor+MUIColor.m */ = {isa = PBXFileReference; fileEncoding = 4; lastKnownFileType = sourcecode.c.objc; path = "UIColor+MUIColor.m"; sourceTree = "<group>"; };
		41756D5AB13BFFB4FF2AC8B7 /* HorizontalPageIndicator.m */ = {isa = PBXFileReference; fileEncoding = 4; lastKnownFileType = sourcecode.c.objc; name = HorizontalPageIndicator.m; path = ../../../../ios_tn/trunk/MUIControls/MUIControls/Classes/HorizontalPageIndicator.m; sourceTree = "<group>"; };
		41756EA9DF2340CD3DF2257D /* PagerWithAnimatedPages.m */ = {isa = PBXFileReference; fileEncoding = 4; lastKnownFileType = sourcecode.c.objc; path = PagerWithAnimatedPages.m; sourceTree = "<group>"; };
		496155CF2096DA2200223281 /* Media.xcassets */ = {isa = PBXFileReference; lastKnownFileType = folder.assetcatalog; path = Media.xcassets; sourceTree = "<group>"; };
		49A09E102099E59000B69A9B /* PagerPageLikePower.xib */ = {isa = PBXFileReference; lastKnownFileType = file.xib; path = PagerPageLikePower.xib; sourceTree = "<group>"; };
		49C81B4F2093435F00865FC5 /* pagerWithAnimations.app */ = {isa = PBXFileReference; explicitFileType = wrapper.application; includeInIndex = 0; path = pagerWithAnimations.app; sourceTree = BUILT_PRODUCTS_DIR; };
		49C81B522093435F00865FC5 /* AppDelegate.h */ = {isa = PBXFileReference; lastKnownFileType = sourcecode.c.h; path = AppDelegate.h; sourceTree = "<group>"; };
		49C81B532093435F00865FC5 /* AppDelegate.m */ = {isa = PBXFileReference; lastKnownFileType = sourcecode.c.objc; path = AppDelegate.m; sourceTree = "<group>"; };
		49C81B552093435F00865FC5 /* ViewController.h */ = {isa = PBXFileReference; lastKnownFileType = sourcecode.c.h; path = ViewController.h; sourceTree = "<group>"; };
		49C81B562093435F00865FC5 /* ViewController.m */ = {isa = PBXFileReference; lastKnownFileType = sourcecode.c.objc; path = ViewController.m; sourceTree = "<group>"; };
		49C81B592093435F00865FC5 /* Base */ = {isa = PBXFileReference; lastKnownFileType = file.storyboard; name = Base; path = Base.lproj/Main.storyboard; sourceTree = "<group>"; };
		49C81B5B2093436000865FC5 /* Assets.xcassets */ = {isa = PBXFileReference; lastKnownFileType = folder.assetcatalog; path = Assets.xcassets; sourceTree = "<group>"; };
		49C81B5E2093436000865FC5 /* Base */ = {isa = PBXFileReference; lastKnownFileType = file.storyboard; name = Base; path = Base.lproj/LaunchScreen.storyboard; sourceTree = "<group>"; };
		49C81B602093436000865FC5 /* Info.plist */ = {isa = PBXFileReference; lastKnownFileType = text.plist.xml; path = Info.plist; sourceTree = "<group>"; };
		49C81B612093436000865FC5 /* main.m */ = {isa = PBXFileReference; lastKnownFileType = sourcecode.c.objc; path = main.m; sourceTree = "<group>"; };
		49C81B6A209345B800865FC5 /* RMCachingNibLoader.h */ = {isa = PBXFileReference; fileEncoding = 4; lastKnownFileType = sourcecode.c.h; path = RMCachingNibLoader.h; sourceTree = "<group>"; };
		49C81B6B209345B800865FC5 /* RMCachingNibLoader.m */ = {isa = PBXFileReference; fileEncoding = 4; lastKnownFileType = sourcecode.c.objc; path = RMCachingNibLoader.m; sourceTree = "<group>"; };
		49C81B6C209345B800865FC5 /* RMNibLoadedView.h */ = {isa = PBXFileReference; fileEncoding = 4; lastKnownFileType = sourcecode.c.h; path = RMNibLoadedView.h; sourceTree = "<group>"; };
		49C81B6D209345B800865FC5 /* RMNibLoadedView.m */ = {isa = PBXFileReference; fileEncoding = 4; lastKnownFileType = sourcecode.c.objc; path = RMNibLoadedView.m; sourceTree = "<group>"; };
		49C81B6E209345B800865FC5 /* RMNibLoader.h */ = {isa = PBXFileReference; fileEncoding = 4; lastKnownFileType = sourcecode.c.h; path = RMNibLoader.h; sourceTree = "<group>"; };
		49C81B6F209345B800865FC5 /* RMNibLoader.m */ = {isa = PBXFileReference; fileEncoding = 4; lastKnownFileType = sourcecode.c.objc; path = RMNibLoader.m; sourceTree = "<group>"; };
		49DB1438209A0DA800FAC940 /* PagerPageProfiles.xib */ = {isa = PBXFileReference; fileEncoding = 4; lastKnownFileType = file.xib; path = PagerPageProfiles.xib; sourceTree = "<group>"; };
		49DB143A209A12D400FAC940 /* PagerPageMessages.xib */ = {isa = PBXFileReference; fileEncoding = 4; lastKnownFileType = file.xib; path = PagerPageMessages.xib; sourceTree = "<group>"; };
		49DB143C209A13D800FAC940 /* PagerPageLikes.xib */ = {isa = PBXFileReference; fileEncoding = 4; lastKnownFileType = file.xib; path = PagerPageLikes.xib; sourceTree = "<group>"; };
		49F94E8C209AF2C400571679 /* PagerPageSafety.xib */ = {isa = PBXFileReference; fileEncoding = 4; lastKnownFileType = file.xib; path = PagerPageSafety.xib; sourceTree = "<group>"; };
		49F94E8F209AF9A000571679 /* PackagesContainer.h */ = {isa = PBXFileReference; lastKnownFileType = sourcecode.c.h; path = PackagesContainer.h; sourceTree = "<group>"; };
		49F94E90209AF9A000571679 /* PackagesContainer.m */ = {isa = PBXFileReference; lastKnownFileType = sourcecode.c.objc; path = PackagesContainer.m; sourceTree = "<group>"; };
		49F94E92209AFAE400571679 /* PackageCell.h */ = {isa = PBXFileReference; lastKnownFileType = sourcecode.c.h; path = PackageCell.h; sourceTree = "<group>"; };
		49F94E93209AFAE400571679 /* PackageCell.m */ = {isa = PBXFileReference; lastKnownFileType = sourcecode.c.objc; path = PackageCell.m; sourceTree = "<group>"; };
		49F94E94209AFAE400571679 /* PackageCell.xib */ = {isa = PBXFileReference; lastKnownFileType = file.xib; path = PackageCell.xib; sourceTree = "<group>"; };
		49F94E99209B01FD00571679 /* PackagesContainerLayout.h */ = {isa = PBXFileReference; lastKnownFileType = sourcecode.c.h; path = PackagesContainerLayout.h; sourceTree = "<group>"; };
		49F94E9A209B01FD00571679 /* PackagesContainerLayout.m */ = {isa = PBXFileReference; lastKnownFileType = sourcecode.c.objc; path = PackagesContainerLayout.m; sourceTree = "<group>"; };
/* End PBXFileReference section */

/* Begin PBXFrameworksBuildPhase section */
		49C81B4C2093435F00865FC5 /* Frameworks */ = {
			isa = PBXFrameworksBuildPhase;
			buildActionMask = 2147483647;
			files = (
			);
			runOnlyForDeploymentPostprocessing = 0;
		};
/* End PBXFrameworksBuildPhase section */

/* Begin PBXGroup section */
		41756B7117AEE4E7F7FCC8A2 /* animated slider */ = {
			isa = PBXGroup;
			children = (
				41756156ACC2DD1860BB22C0 /* PagerWithAnimatedPages.h */,
				41756EA9DF2340CD3DF2257D /* PagerWithAnimatedPages.m */,
				417568ED6B687C7EA7DA88D2 /* PagerAnimatedPage.h */,
				41756679E476B01B1F4CB984 /* PagerAnimatedPage.m */,
				49DB143E209A13EA00FAC940 /* slides design */,
				4175659708695251156C11A8 /* PagerItem.m */,
				41756237B9E9E5A7C3F2080A /* PagerItem.h */,
			);
			path = "animated slider";
			sourceTree = "<group>";
		};
		49C81B462093435F00865FC5 = {
			isa = PBXGroup;
			children = (
				49C81B512093435F00865FC5 /* pagerWithAnimations */,
				49C81B502093435F00865FC5 /* Products */,
			);
			sourceTree = "<group>";
		};
		49C81B502093435F00865FC5 /* Products */ = {
			isa = PBXGroup;
			children = (
				49C81B4F2093435F00865FC5 /* pagerWithAnimations.app */,
			);
			name = Products;
			sourceTree = "<group>";
		};
		49C81B512093435F00865FC5 /* pagerWithAnimations */ = {
			isa = PBXGroup;
			children = (
				49C81B69209345B800865FC5 /* NibLoadedView */,
				49C81B682093436B00865FC5 /* classes */,
				49C81B522093435F00865FC5 /* AppDelegate.h */,
				49C81B532093435F00865FC5 /* AppDelegate.m */,
				49C81B552093435F00865FC5 /* ViewController.h */,
				49C81B562093435F00865FC5 /* ViewController.m */,
				49C81B582093435F00865FC5 /* Main.storyboard */,
				49C81B5B2093436000865FC5 /* Assets.xcassets */,
				49C81B5D2093436000865FC5 /* LaunchScreen.storyboard */,
				49C81B602093436000865FC5 /* Info.plist */,
				49C81B612093436000865FC5 /* main.m */,
			);
			path = pagerWithAnimations;
			sourceTree = "<group>";
		};
		49C81B682093436B00865FC5 /* classes */ = {
			isa = PBXGroup;
			children = (
				49F94E8E209AF3E500571679 /* animated pp container */,
				41756B7117AEE4E7F7FCC8A2 /* animated slider */,
				41756D5AB13BFFB4FF2AC8B7 /* HorizontalPageIndicator.m */,
				417561FED606A7D6AAD0BDF5 /* HorizontalPageIndicator.h */,
				4175668106A63EFE2BD438CE /* UIColor+MUIColor.h */,
				417569EB2FF46A7295BC695F /* UIColor+MUIColor.m */,
				496155CF2096DA2200223281 /* Media.xcassets */,
			);
			path = classes;
			sourceTree = "<group>";
		};
		49C81B69209345B800865FC5 /* NibLoadedView */ = {
			isa = PBXGroup;
			children = (
				49C81B6A209345B800865FC5 /* RMCachingNibLoader.h */,
				49C81B6B209345B800865FC5 /* RMCachingNibLoader.m */,
				49C81B6C209345B800865FC5 /* RMNibLoadedView.h */,
				49C81B6D209345B800865FC5 /* RMNibLoadedView.m */,
				49C81B6E209345B800865FC5 /* RMNibLoader.h */,
				49C81B6F209345B800865FC5 /* RMNibLoader.m */,
			);
			path = NibLoadedView;
			sourceTree = "<group>";
		};
		49DB143E209A13EA00FAC940 /* slides design */ = {
			isa = PBXGroup;
			children = (
				49A09E102099E59000B69A9B /* PagerPageLikePower.xib */,
				49DB1438209A0DA800FAC940 /* PagerPageProfiles.xib */,
				49DB143A209A12D400FAC940 /* PagerPageMessages.xib */,
				49F94E8C209AF2C400571679 /* PagerPageSafety.xib */,
				49DB143C209A13D800FAC940 /* PagerPageLikes.xib */,
			);
			path = "slides design";
			sourceTree = "<group>";
		};
		49F94E8E209AF3E500571679 /* animated pp container */ = {
			isa = PBXGroup;
			children = (
				49F94E8F209AF9A000571679 /* PackagesContainer.h */,
				49F94E90209AF9A000571679 /* PackagesContainer.m */,
				49F94E98209AFE0900571679 /* layout */,
				49F94E97209AFDFE00571679 /* cells */,
			);
			path = "animated pp container";
			sourceTree = "<group>";
		};
		49F94E97209AFDFE00571679 /* cells */ = {
			isa = PBXGroup;
			children = (
				49F94E92209AFAE400571679 /* PackageCell.h */,
				49F94E93209AFAE400571679 /* PackageCell.m */,
				49F94E94209AFAE400571679 /* PackageCell.xib */,
			);
			path = cells;
			sourceTree = "<group>";
		};
		49F94E98209AFE0900571679 /* layout */ = {
			isa = PBXGroup;
			children = (
				49F94E99209B01FD00571679 /* PackagesContainerLayout.h */,
				49F94E9A209B01FD00571679 /* PackagesContainerLayout.m */,
			);
			path = layout;
			sourceTree = "<group>";
		};
/* End PBXGroup section */

/* Begin PBXNativeTarget section */
		49C81B4E2093435F00865FC5 /* pagerWithAnimations */ = {
			isa = PBXNativeTarget;
			buildConfigurationList = 49C81B652093436000865FC5 /* Build configuration list for PBXNativeTarget "pagerWithAnimations" */;
			buildPhases = (
				49C81B4B2093435F00865FC5 /* Sources */,
				49C81B4C2093435F00865FC5 /* Frameworks */,
				49C81B4D2093435F00865FC5 /* Resources */,
			);
			buildRules = (
			);
			dependencies = (
			);
			name = pagerWithAnimations;
			productName = pagerWithAnimations;
			productReference = 49C81B4F2093435F00865FC5 /* pagerWithAnimations.app */;
			productType = "com.apple.product-type.application";
		};
/* End PBXNativeTarget section */

/* Begin PBXProject section */
		49C81B472093435F00865FC5 /* Project object */ = {
			isa = PBXProject;
			attributes = {
				LastUpgradeCheck = 0930;
				ORGANIZATIONNAME = "Victor Zinets";
				TargetAttributes = {
					49C81B4E2093435F00865FC5 = {
						CreatedOnToolsVersion = 9.3;
					};
				};
			};
			buildConfigurationList = 49C81B4A2093435F00865FC5 /* Build configuration list for PBXProject "pagerWithAnimations" */;
			compatibilityVersion = "Xcode 9.3";
			developmentRegion = en;
			hasScannedForEncodings = 0;
			knownRegions = (
				en,
				Base,
			);
			mainGroup = 49C81B462093435F00865FC5;
			productRefGroup = 49C81B502093435F00865FC5 /* Products */;
			projectDirPath = "";
			projectRoot = "";
			targets = (
				49C81B4E2093435F00865FC5 /* pagerWithAnimations */,
			);
		};
/* End PBXProject section */

/* Begin PBXResourcesBuildPhase section */
		49C81B4D2093435F00865FC5 /* Resources */ = {
			isa = PBXResourcesBuildPhase;
			buildActionMask = 2147483647;
			files = (
				49DB1439209A0DA800FAC940 /* PagerPageProfiles.xib in Resources */,
				49C81B5F2093436000865FC5 /* LaunchScreen.storyboard in Resources */,
				49C81B5C2093436000865FC5 /* Assets.xcassets in Resources */,
				496155D02096DA2200223281 /* Media.xcassets in Resources */,
				49C81B5A2093435F00865FC5 /* Main.storyboard in Resources */,
				49DB143B209A12D400FAC940 /* PagerPageMessages.xib in Resources */,
				49F94E8D209AF2C400571679 /* PagerPageSafety.xib in Resources */,
				49DB143D209A13D800FAC940 /* PagerPageLikes.xib in Resources */,
				49F94E96209AFAE400571679 /* PackageCell.xib in Resources */,
				49A09E112099E59000B69A9B /* PagerPageLikePower.xib in Resources */,
			);
			runOnlyForDeploymentPostprocessing = 0;
		};
/* End PBXResourcesBuildPhase section */

/* Begin PBXSourcesBuildPhase section */
		49C81B4B2093435F00865FC5 /* Sources */ = {
			isa = PBXSourcesBuildPhase;
			buildActionMask = 2147483647;
			files = (
				49C81B572093435F00865FC5 /* ViewController.m in Sources */,
				49C81B72209345B800865FC5 /* RMNibLoader.m in Sources */,
				49C81B622093436000865FC5 /* main.m in Sources */,
				49C81B542093435F00865FC5 /* AppDelegate.m in Sources */,
				49F94E91209AF9A000571679 /* PackagesContainer.m in Sources */,
				49F94E95209AFAE400571679 /* PackageCell.m in Sources */,
				49C81B70209345B800865FC5 /* RMCachingNibLoader.m in Sources */,
				49C81B71209345B800865FC5 /* RMNibLoadedView.m in Sources */,
				41756D78FBBDC7D946BD67FA /* HorizontalPageIndicator.m in Sources */,
				417562B1111CCE6798019741 /* UIColor+MUIColor.m in Sources */,
				41756E5A5DF38E77C9188344 /* PagerWithAnimatedPages.m in Sources */,
				41756A09BF9083DC5BE42A15 /* PagerAnimatedPage.m in Sources */,
				49F94E9B209B01FD00571679 /* PackagesContainerLayout.m in Sources */,
				417566008D5CF8638BD5C550 /* PagerItem.m in Sources */,
			);
			runOnlyForDeploymentPostprocessing = 0;
		};
/* End PBXSourcesBuildPhase section */

/* Begin PBXVariantGroup section */
		49C81B582093435F00865FC5 /* Main.storyboard */ = {
			isa = PBXVariantGroup;
			children = (
				49C81B592093435F00865FC5 /* Base */,
			);
			name = Main.storyboard;
			sourceTree = "<group>";
		};
		49C81B5D2093436000865FC5 /* LaunchScreen.storyboard */ = {
			isa = PBXVariantGroup;
			children = (
				49C81B5E2093436000865FC5 /* Base */,
			);
			name = LaunchScreen.storyboard;
			sourceTree = "<group>";
		};
/* End PBXVariantGroup section */

/* Begin XCBuildConfiguration section */
		49C81B632093436000865FC5 /* Debug */ = {
			isa = XCBuildConfiguration;
			buildSettings = {
				ALWAYS_SEARCH_USER_PATHS = NO;
				CLANG_ANALYZER_NONNULL = YES;
				CLANG_ANALYZER_NUMBER_OBJECT_CONVERSION = YES_AGGRESSIVE;
				CLANG_CXX_LANGUAGE_STANDARD = "gnu++14";
				CLANG_CXX_LIBRARY = "libc++";
				CLANG_ENABLE_MODULES = YES;
				CLANG_ENABLE_OBJC_ARC = YES;
				CLANG_ENABLE_OBJC_WEAK = YES;
				CLANG_WARN_BLOCK_CAPTURE_AUTORELEASING = YES;
				CLANG_WARN_BOOL_CONVERSION = YES;
				CLANG_WARN_COMMA = YES;
				CLANG_WARN_CONSTANT_CONVERSION = YES;
				CLANG_WARN_DEPRECATED_OBJC_IMPLEMENTATIONS = YES;
				CLANG_WARN_DIRECT_OBJC_ISA_USAGE = YES_ERROR;
				CLANG_WARN_DOCUMENTATION_COMMENTS = YES;
				CLANG_WARN_EMPTY_BODY = YES;
				CLANG_WARN_ENUM_CONVERSION = YES;
				CLANG_WARN_INFINITE_RECURSION = YES;
				CLANG_WARN_INT_CONVERSION = YES;
				CLANG_WARN_NON_LITERAL_NULL_CONVERSION = YES;
				CLANG_WARN_OBJC_IMPLICIT_RETAIN_SELF = YES;
				CLANG_WARN_OBJC_LITERAL_CONVERSION = YES;
				CLANG_WARN_OBJC_ROOT_CLASS = YES_ERROR;
				CLANG_WARN_RANGE_LOOP_ANALYSIS = YES;
				CLANG_WARN_STRICT_PROTOTYPES = YES;
				CLANG_WARN_SUSPICIOUS_MOVE = YES;
				CLANG_WARN_UNGUARDED_AVAILABILITY = YES_AGGRESSIVE;
				CLANG_WARN_UNREACHABLE_CODE = YES;
				CLANG_WARN__DUPLICATE_METHOD_MATCH = YES;
				CODE_SIGN_IDENTITY = "iPhone Developer";
				COPY_PHASE_STRIP = NO;
				DEBUG_INFORMATION_FORMAT = dwarf;
				ENABLE_STRICT_OBJC_MSGSEND = YES;
				ENABLE_TESTABILITY = YES;
				GCC_C_LANGUAGE_STANDARD = gnu11;
				GCC_DYNAMIC_NO_PIC = NO;
				GCC_NO_COMMON_BLOCKS = YES;
				GCC_OPTIMIZATION_LEVEL = 0;
				GCC_PREPROCESSOR_DEFINITIONS = (
					"DEBUG=1",
					"$(inherited)",
				);
				GCC_WARN_64_TO_32_BIT_CONVERSION = YES;
				GCC_WARN_ABOUT_RETURN_TYPE = YES_ERROR;
				GCC_WARN_UNDECLARED_SELECTOR = YES;
				GCC_WARN_UNINITIALIZED_AUTOS = YES_AGGRESSIVE;
				GCC_WARN_UNUSED_FUNCTION = YES;
				GCC_WARN_UNUSED_VARIABLE = YES;
				IPHONEOS_DEPLOYMENT_TARGET = 11.3;
				MTL_ENABLE_DEBUG_INFO = YES;
				ONLY_ACTIVE_ARCH = YES;
				SDKROOT = iphoneos;
			};
			name = Debug;
		};
		49C81B642093436000865FC5 /* Release */ = {
			isa = XCBuildConfiguration;
			buildSettings = {
				ALWAYS_SEARCH_USER_PATHS = NO;
				CLANG_ANALYZER_NONNULL = YES;
				CLANG_ANALYZER_NUMBER_OBJECT_CONVERSION = YES_AGGRESSIVE;
				CLANG_CXX_LANGUAGE_STANDARD = "gnu++14";
				CLANG_CXX_LIBRARY = "libc++";
				CLANG_ENABLE_MODULES = YES;
				CLANG_ENABLE_OBJC_ARC = YES;
				CLANG_ENABLE_OBJC_WEAK = YES;
				CLANG_WARN_BLOCK_CAPTURE_AUTORELEASING = YES;
				CLANG_WARN_BOOL_CONVERSION = YES;
				CLANG_WARN_COMMA = YES;
				CLANG_WARN_CONSTANT_CONVERSION = YES;
				CLANG_WARN_DEPRECATED_OBJC_IMPLEMENTATIONS = YES;
				CLANG_WARN_DIRECT_OBJC_ISA_USAGE = YES_ERROR;
				CLANG_WARN_DOCUMENTATION_COMMENTS = YES;
				CLANG_WARN_EMPTY_BODY = YES;
				CLANG_WARN_ENUM_CONVERSION = YES;
				CLANG_WARN_INFINITE_RECURSION = YES;
				CLANG_WARN_INT_CONVERSION = YES;
				CLANG_WARN_NON_LITERAL_NULL_CONVERSION = YES;
				CLANG_WARN_OBJC_IMPLICIT_RETAIN_SELF = YES;
				CLANG_WARN_OBJC_LITERAL_CONVERSION = YES;
				CLANG_WARN_OBJC_ROOT_CLASS = YES_ERROR;
				CLANG_WARN_RANGE_LOOP_ANALYSIS = YES;
				CLANG_WARN_STRICT_PROTOTYPES = YES;
				CLANG_WARN_SUSPICIOUS_MOVE = YES;
				CLANG_WARN_UNGUARDED_AVAILABILITY = YES_AGGRESSIVE;
				CLANG_WARN_UNREACHABLE_CODE = YES;
				CLANG_WARN__DUPLICATE_METHOD_MATCH = YES;
				CODE_SIGN_IDENTITY = "iPhone Developer";
				COPY_PHASE_STRIP = NO;
				DEBUG_INFORMATION_FORMAT = "dwarf-with-dsym";
				ENABLE_NS_ASSERTIONS = NO;
				ENABLE_STRICT_OBJC_MSGSEND = YES;
				GCC_C_LANGUAGE_STANDARD = gnu11;
				GCC_NO_COMMON_BLOCKS = YES;
				GCC_WARN_64_TO_32_BIT_CONVERSION = YES;
				GCC_WARN_ABOUT_RETURN_TYPE = YES_ERROR;
				GCC_WARN_UNDECLARED_SELECTOR = YES;
				GCC_WARN_UNINITIALIZED_AUTOS = YES_AGGRESSIVE;
				GCC_WARN_UNUSED_FUNCTION = YES;
				GCC_WARN_UNUSED_VARIABLE = YES;
				IPHONEOS_DEPLOYMENT_TARGET = 11.3;
				MTL_ENABLE_DEBUG_INFO = NO;
				SDKROOT = iphoneos;
				VALIDATE_PRODUCT = YES;
			};
			name = Release;
		};
		49C81B662093436000865FC5 /* Debug */ = {
			isa = XCBuildConfiguration;
			buildSettings = {
				ASSETCATALOG_COMPILER_APPICON_NAME = AppIcon;
				CODE_SIGN_STYLE = Automatic;
				DEVELOPMENT_TEAM = L879VUX8U4;
				INFOPLIST_FILE = pagerWithAnimations/Info.plist;
				IPHONEOS_DEPLOYMENT_TARGET = 10.1;
				LD_RUNPATH_SEARCH_PATHS = (
					"$(inherited)",
					"@executable_path/Frameworks",
				);
				PRODUCT_BUNDLE_IDENTIFIER = zinets.pagerWithAnimations;
				PRODUCT_NAME = "$(TARGET_NAME)";
				TARGETED_DEVICE_FAMILY = "1,2";
			};
			name = Debug;
		};
		49C81B672093436000865FC5 /* Release */ = {
			isa = XCBuildConfiguration;
			buildSettings = {
				ASSETCATALOG_COMPILER_APPICON_NAME = AppIcon;
				CODE_SIGN_STYLE = Automatic;
				DEVELOPMENT_TEAM = L879VUX8U4;
				INFOPLIST_FILE = pagerWithAnimations/Info.plist;
				IPHONEOS_DEPLOYMENT_TARGET = 10.1;
				LD_RUNPATH_SEARCH_PATHS = (
					"$(inherited)",
					"@executable_path/Frameworks",
				);
				PRODUCT_BUNDLE_IDENTIFIER = zinets.pagerWithAnimations;
				PRODUCT_NAME = "$(TARGET_NAME)";
				TARGETED_DEVICE_FAMILY = "1,2";
			};
			name = Release;
		};
/* End XCBuildConfiguration section */

/* Begin XCConfigurationList section */
		49C81B4A2093435F00865FC5 /* Build configuration list for PBXProject "pagerWithAnimations" */ = {
			isa = XCConfigurationList;
			buildConfigurations = (
				49C81B632093436000865FC5 /* Debug */,
				49C81B642093436000865FC5 /* Release */,
			);
			defaultConfigurationIsVisible = 0;
			defaultConfigurationName = Release;
		};
		49C81B652093436000865FC5 /* Build configuration list for PBXNativeTarget "pagerWithAnimations" */ = {
			isa = XCConfigurationList;
			buildConfigurations = (
				49C81B662093436000865FC5 /* Debug */,
				49C81B672093436000865FC5 /* Release */,
			);
			defaultConfigurationIsVisible = 0;
			defaultConfigurationName = Release;
		};
/* End XCConfigurationList section */
	};
	rootObject = 49C81B472093435F00865FC5 /* Project object */;
}
