// !$*UTF8*$!
{
	archiveVersion = 1;
	classes = {
	};
	objectVersion = 50;
	objects = {

/* Begin PBXBuildFile section */
		492EA72C21BA56B500F52A66 /* AppDelegate.swift in Sources */ = {isa = PBXBuildFile; fileRef = 492EA72B21BA56B500F52A66 /* AppDelegate.swift */; };
		492EA72E21BA56B500F52A66 /* ViewController.swift in Sources */ = {isa = PBXBuildFile; fileRef = 492EA72D21BA56B500F52A66 /* ViewController.swift */; };
		492EA73121BA56B500F52A66 /* Main.storyboard in Resources */ = {isa = PBXBuildFile; fileRef = 492EA72F21BA56B500F52A66 /* Main.storyboard */; };
		492EA73321BA56B700F52A66 /* Assets.xcassets in Resources */ = {isa = PBXBuildFile; fileRef = 492EA73221BA56B700F52A66 /* Assets.xcassets */; };
		492EA73621BA56B700F52A66 /* LaunchScreen.storyboard in Resources */ = {isa = PBXBuildFile; fileRef = 492EA73421BA56B700F52A66 /* LaunchScreen.storyboard */; };
		492EA74221BA6FEF00F52A66 /* TapplNavigationBar.swift in Sources */ = {isa = PBXBuildFile; fileRef = 492EA74121BA6FEF00F52A66 /* TapplNavigationBar.swift */; };
		492EA74421BA8C7B00F52A66 /* TapplViewController.swift in Sources */ = {isa = PBXBuildFile; fileRef = 492EA74321BA8C7B00F52A66 /* TapplViewController.swift */; };
/* End PBXBuildFile section */

/* Begin PBXFileReference section */
		492EA72821BA56B500F52A66 /* tapl_navigation.app */ = {isa = PBXFileReference; explicitFileType = wrapper.application; includeInIndex = 0; path = tapl_navigation.app; sourceTree = BUILT_PRODUCTS_DIR; };
		492EA72B21BA56B500F52A66 /* AppDelegate.swift */ = {isa = PBXFileReference; lastKnownFileType = sourcecode.swift; path = AppDelegate.swift; sourceTree = "<group>"; };
		492EA72D21BA56B500F52A66 /* ViewController.swift */ = {isa = PBXFileReference; lastKnownFileType = sourcecode.swift; path = ViewController.swift; sourceTree = "<group>"; };
		492EA73021BA56B500F52A66 /* Base */ = {isa = PBXFileReference; lastKnownFileType = file.storyboard; name = Base; path = Base.lproj/Main.storyboard; sourceTree = "<group>"; };
		492EA73221BA56B700F52A66 /* Assets.xcassets */ = {isa = PBXFileReference; lastKnownFileType = folder.assetcatalog; path = Assets.xcassets; sourceTree = "<group>"; };
		492EA73521BA56B700F52A66 /* Base */ = {isa = PBXFileReference; lastKnownFileType = file.storyboard; name = Base; path = Base.lproj/LaunchScreen.storyboard; sourceTree = "<group>"; };
		492EA73721BA56B700F52A66 /* Info.plist */ = {isa = PBXFileReference; lastKnownFileType = text.plist.xml; path = Info.plist; sourceTree = "<group>"; };
		492EA74121BA6FEF00F52A66 /* TapplNavigationBar.swift */ = {isa = PBXFileReference; lastKnownFileType = sourcecode.swift; path = TapplNavigationBar.swift; sourceTree = "<group>"; };
		492EA74321BA8C7B00F52A66 /* TapplViewController.swift */ = {isa = PBXFileReference; lastKnownFileType = sourcecode.swift; path = TapplViewController.swift; sourceTree = "<group>"; };
/* End PBXFileReference section */

/* Begin PBXFrameworksBuildPhase section */
		492EA72521BA56B500F52A66 /* Frameworks */ = {
			isa = PBXFrameworksBuildPhase;
			buildActionMask = 2147483647;
			files = (
			);
			runOnlyForDeploymentPostprocessing = 0;
		};
/* End PBXFrameworksBuildPhase section */

/* Begin PBXGroup section */
		492EA71F21BA56B500F52A66 = {
			isa = PBXGroup;
			children = (
				492EA72A21BA56B500F52A66 /* tapl_navigation */,
				492EA72921BA56B500F52A66 /* Products */,
			);
			sourceTree = "<group>";
		};
		492EA72921BA56B500F52A66 /* Products */ = {
			isa = PBXGroup;
			children = (
				492EA72821BA56B500F52A66 /* tapl_navigation.app */,
			);
			name = Products;
			sourceTree = "<group>";
		};
		492EA72A21BA56B500F52A66 /* tapl_navigation */ = {
			isa = PBXGroup;
			children = (
				492EA73E21BA5B2D00F52A66 /* nav controllers */,
				492EA73D21BA5B0D00F52A66 /* view controllers */,
				492EA72B21BA56B500F52A66 /* AppDelegate.swift */,
				492EA72D21BA56B500F52A66 /* ViewController.swift */,
				492EA72F21BA56B500F52A66 /* Main.storyboard */,
				492EA73221BA56B700F52A66 /* Assets.xcassets */,
				492EA73421BA56B700F52A66 /* LaunchScreen.storyboard */,
				492EA73721BA56B700F52A66 /* Info.plist */,
			);
			path = tapl_navigation;
			sourceTree = "<group>";
		};
		492EA73D21BA5B0D00F52A66 /* view controllers */ = {
			isa = PBXGroup;
			children = (
				492EA74321BA8C7B00F52A66 /* TapplViewController.swift */,
			);
			path = "view controllers";
			sourceTree = "<group>";
		};
		492EA73E21BA5B2D00F52A66 /* nav controllers */ = {
			isa = PBXGroup;
			children = (
				492EA74121BA6FEF00F52A66 /* TapplNavigationBar.swift */,
			);
			path = "nav controllers";
			sourceTree = "<group>";
		};
/* End PBXGroup section */

/* Begin PBXNativeTarget section */
		492EA72721BA56B500F52A66 /* tapl_navigation */ = {
			isa = PBXNativeTarget;
			buildConfigurationList = 492EA73A21BA56B700F52A66 /* Build configuration list for PBXNativeTarget "tapl_navigation" */;
			buildPhases = (
				492EA72421BA56B500F52A66 /* Sources */,
				492EA72521BA56B500F52A66 /* Frameworks */,
				492EA72621BA56B500F52A66 /* Resources */,
			);
			buildRules = (
			);
			dependencies = (
			);
			name = tapl_navigation;
			productName = tapl_navigation;
			productReference = 492EA72821BA56B500F52A66 /* tapl_navigation.app */;
			productType = "com.apple.product-type.application";
		};
/* End PBXNativeTarget section */

/* Begin PBXProject section */
		492EA72021BA56B500F52A66 /* Project object */ = {
			isa = PBXProject;
			attributes = {
				LastSwiftUpdateCheck = 1010;
				LastUpgradeCheck = 1010;
				ORGANIZATIONNAME = TN;
				TargetAttributes = {
					492EA72721BA56B500F52A66 = {
						CreatedOnToolsVersion = 10.1;
					};
				};
			};
			buildConfigurationList = 492EA72321BA56B500F52A66 /* Build configuration list for PBXProject "tapl_navigation" */;
			compatibilityVersion = "Xcode 9.3";
			developmentRegion = en;
			hasScannedForEncodings = 0;
			knownRegions = (
				en,
				Base,
			);
			mainGroup = 492EA71F21BA56B500F52A66;
			productRefGroup = 492EA72921BA56B500F52A66 /* Products */;
			projectDirPath = "";
			projectRoot = "";
			targets = (
				492EA72721BA56B500F52A66 /* tapl_navigation */,
			);
		};
/* End PBXProject section */

/* Begin PBXResourcesBuildPhase section */
		492EA72621BA56B500F52A66 /* Resources */ = {
			isa = PBXResourcesBuildPhase;
			buildActionMask = 2147483647;
			files = (
				492EA73621BA56B700F52A66 /* LaunchScreen.storyboard in Resources */,
				492EA73321BA56B700F52A66 /* Assets.xcassets in Resources */,
				492EA73121BA56B500F52A66 /* Main.storyboard in Resources */,
			);
			runOnlyForDeploymentPostprocessing = 0;
		};
/* End PBXResourcesBuildPhase section */

/* Begin PBXSourcesBuildPhase section */
		492EA72421BA56B500F52A66 /* Sources */ = {
			isa = PBXSourcesBuildPhase;
			buildActionMask = 2147483647;
			files = (
				492EA74421BA8C7B00F52A66 /* TapplViewController.swift in Sources */,
				492EA72E21BA56B500F52A66 /* ViewController.swift in Sources */,
				492EA72C21BA56B500F52A66 /* AppDelegate.swift in Sources */,
				492EA74221BA6FEF00F52A66 /* TapplNavigationBar.swift in Sources */,
			);
			runOnlyForDeploymentPostprocessing = 0;
		};
/* End PBXSourcesBuildPhase section */

/* Begin PBXVariantGroup section */
		492EA72F21BA56B500F52A66 /* Main.storyboard */ = {
			isa = PBXVariantGroup;
			children = (
				492EA73021BA56B500F52A66 /* Base */,
			);
			name = Main.storyboard;
			sourceTree = "<group>";
		};
		492EA73421BA56B700F52A66 /* LaunchScreen.storyboard */ = {
			isa = PBXVariantGroup;
			children = (
				492EA73521BA56B700F52A66 /* Base */,
			);
			name = LaunchScreen.storyboard;
			sourceTree = "<group>";
		};
/* End PBXVariantGroup section */

/* Begin XCBuildConfiguration section */
		492EA73821BA56B700F52A66 /* Debug */ = {
			isa = XCBuildConfiguration;
			buildSettings = {
				ALWAYS_SEARCH_USER_PATHS = NO;
				CLANG_ANALYZER_NONNULL = YES;
				CLANG_ANALYZER_NUMBER_OBJECT_CONVERSION = YES_AGGRESSIVE;
				CLANG_CXX_LANGUAGE_STANDARD = "gnu++14";
				CLANG_CXX_LIBRARY = "libc++";
				CLANG_ENABLE_MODULES = YES;
				CLANG_ENABLE_OBJC_ARC = YES;
				CLANG_ENABLE_OBJC_WEAK = YES;
				CLANG_WARN_BLOCK_CAPTURE_AUTORELEASING = YES;
				CLANG_WARN_BOOL_CONVERSION = YES;
				CLANG_WARN_COMMA = YES;
				CLANG_WARN_CONSTANT_CONVERSION = YES;
				CLANG_WARN_DEPRECATED_OBJC_IMPLEMENTATIONS = YES;
				CLANG_WARN_DIRECT_OBJC_ISA_USAGE = YES_ERROR;
				CLANG_WARN_DOCUMENTATION_COMMENTS = YES;
				CLANG_WARN_EMPTY_BODY = YES;
				CLANG_WARN_ENUM_CONVERSION = YES;
				CLANG_WARN_INFINITE_RECURSION = YES;
				CLANG_WARN_INT_CONVERSION = YES;
				CLANG_WARN_NON_LITERAL_NULL_CONVERSION = YES;
				CLANG_WARN_OBJC_IMPLICIT_RETAIN_SELF = YES;
				CLANG_WARN_OBJC_LITERAL_CONVERSION = YES;
				CLANG_WARN_OBJC_ROOT_CLASS = YES_ERROR;
				CLANG_WARN_RANGE_LOOP_ANALYSIS = YES;
				CLANG_WARN_STRICT_PROTOTYPES = YES;
				CLANG_WARN_SUSPICIOUS_MOVE = YES;
				CLANG_WARN_UNGUARDED_AVAILABILITY = YES_AGGRESSIVE;
				CLANG_WARN_UNREACHABLE_CODE = YES;
				CLANG_WARN__DUPLICATE_METHOD_MATCH = YES;
				CODE_SIGN_IDENTITY = "iPhone Developer";
				COPY_PHASE_STRIP = NO;
				DEBUG_INFORMATION_FORMAT = dwarf;
				ENABLE_STRICT_OBJC_MSGSEND = YES;
				ENABLE_TESTABILITY = YES;
				GCC_C_LANGUAGE_STANDARD = gnu11;
				GCC_DYNAMIC_NO_PIC = NO;
				GCC_NO_COMMON_BLOCKS = YES;
				GCC_OPTIMIZATION_LEVEL = 0;
				GCC_PREPROCESSOR_DEFINITIONS = (
					"DEBUG=1",
					"$(inherited)",
				);
				GCC_WARN_64_TO_32_BIT_CONVERSION = YES;
				GCC_WARN_ABOUT_RETURN_TYPE = YES_ERROR;
				GCC_WARN_UNDECLARED_SELECTOR = YES;
				GCC_WARN_UNINITIALIZED_AUTOS = YES_AGGRESSIVE;
				GCC_WARN_UNUSED_FUNCTION = YES;
				GCC_WARN_UNUSED_VARIABLE = YES;
				IPHONEOS_DEPLOYMENT_TARGET = 12.1;
				MTL_ENABLE_DEBUG_INFO = INCLUDE_SOURCE;
				MTL_FAST_MATH = YES;
				ONLY_ACTIVE_ARCH = YES;
				SDKROOT = iphoneos;
				SWIFT_ACTIVE_COMPILATION_CONDITIONS = DEBUG;
				SWIFT_OPTIMIZATION_LEVEL = "-Onone";
			};
			name = Debug;
		};
		492EA73921BA56B700F52A66 /* Release */ = {
			isa = XCBuildConfiguration;
			buildSettings = {
				ALWAYS_SEARCH_USER_PATHS = NO;
				CLANG_ANALYZER_NONNULL = YES;
				CLANG_ANALYZER_NUMBER_OBJECT_CONVERSION = YES_AGGRESSIVE;
				CLANG_CXX_LANGUAGE_STANDARD = "gnu++14";
				CLANG_CXX_LIBRARY = "libc++";
				CLANG_ENABLE_MODULES = YES;
				CLANG_ENABLE_OBJC_ARC = YES;
				CLANG_ENABLE_OBJC_WEAK = YES;
				CLANG_WARN_BLOCK_CAPTURE_AUTORELEASING = YES;
				CLANG_WARN_BOOL_CONVERSION = YES;
				CLANG_WARN_COMMA = YES;
				CLANG_WARN_CONSTANT_CONVERSION = YES;
				CLANG_WARN_DEPRECATED_OBJC_IMPLEMENTATIONS = YES;
				CLANG_WARN_DIRECT_OBJC_ISA_USAGE = YES_ERROR;
				CLANG_WARN_DOCUMENTATION_COMMENTS = YES;
				CLANG_WARN_EMPTY_BODY = YES;
				CLANG_WARN_ENUM_CONVERSION = YES;
				CLANG_WARN_INFINITE_RECURSION = YES;
				CLANG_WARN_INT_CONVERSION = YES;
				CLANG_WARN_NON_LITERAL_NULL_CONVERSION = YES;
				CLANG_WARN_OBJC_IMPLICIT_RETAIN_SELF = YES;
				CLANG_WARN_OBJC_LITERAL_CONVERSION = YES;
				CLANG_WARN_OBJC_ROOT_CLASS = YES_ERROR;
				CLANG_WARN_RANGE_LOOP_ANALYSIS = YES;
				CLANG_WARN_STRICT_PROTOTYPES = YES;
				CLANG_WARN_SUSPICIOUS_MOVE = YES;
				CLANG_WARN_UNGUARDED_AVAILABILITY = YES_AGGRESSIVE;
				CLANG_WARN_UNREACHABLE_CODE = YES;
				CLANG_WARN__DUPLICATE_METHOD_MATCH = YES;
				CODE_SIGN_IDENTITY = "iPhone Developer";
				COPY_PHASE_STRIP = NO;
				DEBUG_INFORMATION_FORMAT = "dwarf-with-dsym";
				ENABLE_NS_ASSERTIONS = NO;
				ENABLE_STRICT_OBJC_MSGSEND = YES;
				GCC_C_LANGUAGE_STANDARD = gnu11;
				GCC_NO_COMMON_BLOCKS = YES;
				GCC_WARN_64_TO_32_BIT_CONVERSION = YES;
				GCC_WARN_ABOUT_RETURN_TYPE = YES_ERROR;
				GCC_WARN_UNDECLARED_SELECTOR = YES;
				GCC_WARN_UNINITIALIZED_AUTOS = YES_AGGRESSIVE;
				GCC_WARN_UNUSED_FUNCTION = YES;
				GCC_WARN_UNUSED_VARIABLE = YES;
				IPHONEOS_DEPLOYMENT_TARGET = 12.1;
				MTL_ENABLE_DEBUG_INFO = NO;
				MTL_FAST_MATH = YES;
				SDKROOT = iphoneos;
				SWIFT_COMPILATION_MODE = wholemodule;
				SWIFT_OPTIMIZATION_LEVEL = "-O";
				VALIDATE_PRODUCT = YES;
			};
			name = Release;
		};
		492EA73B21BA56B700F52A66 /* Debug */ = {
			isa = XCBuildConfiguration;
			buildSettings = {
				ASSETCATALOG_COMPILER_APPICON_NAME = AppIcon;
				CODE_SIGN_STYLE = Automatic;
				DEVELOPMENT_TEAM = GA7JUF7GUE;
				INFOPLIST_FILE = tapl_navigation/Info.plist;
				LD_RUNPATH_SEARCH_PATHS = (
					"$(inherited)",
					"@executable_path/Frameworks",
				);
				PRODUCT_BUNDLE_IDENTIFIER = "tn.tapl-navigation";
				PRODUCT_NAME = "$(TARGET_NAME)";
				SWIFT_VERSION = 4.2;
				TARGETED_DEVICE_FAMILY = "1,2";
			};
			name = Debug;
		};
		492EA73C21BA56B700F52A66 /* Release */ = {
			isa = XCBuildConfiguration;
			buildSettings = {
				ASSETCATALOG_COMPILER_APPICON_NAME = AppIcon;
				CODE_SIGN_STYLE = Automatic;
				DEVELOPMENT_TEAM = GA7JUF7GUE;
				INFOPLIST_FILE = tapl_navigation/Info.plist;
				LD_RUNPATH_SEARCH_PATHS = (
					"$(inherited)",
					"@executable_path/Frameworks",
				);
				PRODUCT_BUNDLE_IDENTIFIER = "tn.tapl-navigation";
				PRODUCT_NAME = "$(TARGET_NAME)";
				SWIFT_VERSION = 4.2;
				TARGETED_DEVICE_FAMILY = "1,2";
			};
			name = Release;
		};
/* End XCBuildConfiguration section */

/* Begin XCConfigurationList section */
		492EA72321BA56B500F52A66 /* Build configuration list for PBXProject "tapl_navigation" */ = {
			isa = XCConfigurationList;
			buildConfigurations = (
				492EA73821BA56B700F52A66 /* Debug */,
				492EA73921BA56B700F52A66 /* Release */,
			);
			defaultConfigurationIsVisible = 0;
			defaultConfigurationName = Release;
		};
		492EA73A21BA56B700F52A66 /* Build configuration list for PBXNativeTarget "tapl_navigation" */ = {
			isa = XCConfigurationList;
			buildConfigurations = (
				492EA73B21BA56B700F52A66 /* Debug */,
				492EA73C21BA56B700F52A66 /* Release */,
			);
			defaultConfigurationIsVisible = 0;
			defaultConfigurationName = Release;
		};
/* End XCConfigurationList section */
	};
	rootObject = 492EA72021BA56B500F52A66 /* Project object */;
}
